// !$*UTF8*$!
{
	archiveVersion = 1;
	classes = {
	};
	objectVersion = 55;
	objects = {

/* Begin PBXBuildFile section */
		3F570F1B27F52A7D00AB3A6A /* AppDelegate.swift in Sources */ = {isa = PBXBuildFile; fileRef = 3F570F1A27F52A7D00AB3A6A /* AppDelegate.swift */; };
		3F570F1D27F52A7D00AB3A6A /* SceneDelegate.swift in Sources */ = {isa = PBXBuildFile; fileRef = 3F570F1C27F52A7D00AB3A6A /* SceneDelegate.swift */; };
		3F570F1F27F52A7D00AB3A6A /* ViewController.swift in Sources */ = {isa = PBXBuildFile; fileRef = 3F570F1E27F52A7D00AB3A6A /* ViewController.swift */; };
		3F570F2227F52A7D00AB3A6A /* Main.storyboard in Resources */ = {isa = PBXBuildFile; fileRef = 3F570F2027F52A7D00AB3A6A /* Main.storyboard */; };
		3F570F2427F52A7E00AB3A6A /* Assets.xcassets in Resources */ = {isa = PBXBuildFile; fileRef = 3F570F2327F52A7E00AB3A6A /* Assets.xcassets */; };
		3F570F2727F52A7E00AB3A6A /* LaunchScreen.storyboard in Resources */ = {isa = PBXBuildFile; fileRef = 3F570F2527F52A7E00AB3A6A /* LaunchScreen.storyboard */; };
		3F570F3227F52A7E00AB3A6A /* Porika_WordGuessTests.swift in Sources */ = {isa = PBXBuildFile; fileRef = 3F570F3127F52A7E00AB3A6A /* Porika_WordGuessTests.swift */; };
		3F570F3C27F52A7E00AB3A6A /* Porika_WordGuessUITests.swift in Sources */ = {isa = PBXBuildFile; fileRef = 3F570F3B27F52A7E00AB3A6A /* Porika_WordGuessUITests.swift */; };
		3F570F3E27F52A7E00AB3A6A /* Porika_WordGuessUITestsLaunchTests.swift in Sources */ = {isa = PBXBuildFile; fileRef = 3F570F3D27F52A7E00AB3A6A /* Porika_WordGuessUITestsLaunchTests.swift */; };
/* End PBXBuildFile section */

/* Begin PBXContainerItemProxy section */
		3F570F2E27F52A7E00AB3A6A /* PBXContainerItemProxy */ = {
			isa = PBXContainerItemProxy;
			containerPortal = 3F570F0F27F52A7D00AB3A6A /* Project object */;
			proxyType = 1;
			remoteGlobalIDString = 3F570F1627F52A7D00AB3A6A;
			remoteInfo = Porika_WordGuess;
		};
		3F570F3827F52A7E00AB3A6A /* PBXContainerItemProxy */ = {
			isa = PBXContainerItemProxy;
			containerPortal = 3F570F0F27F52A7D00AB3A6A /* Project object */;
			proxyType = 1;
			remoteGlobalIDString = 3F570F1627F52A7D00AB3A6A;
			remoteInfo = Porika_WordGuess;
		};
/* End PBXContainerItemProxy section */

/* Begin PBXFileReference section */
		3F570F1727F52A7D00AB3A6A /* Porika_WordGuess.app */ = {isa = PBXFileReference; explicitFileType = wrapper.application; includeInIndex = 0; path = Porika_WordGuess.app; sourceTree = BUILT_PRODUCTS_DIR; };
		3F570F1A27F52A7D00AB3A6A /* AppDelegate.swift */ = {isa = PBXFileReference; lastKnownFileType = sourcecode.swift; path = AppDelegate.swift; sourceTree = "<group>"; };
		3F570F1C27F52A7D00AB3A6A /* SceneDelegate.swift */ = {isa = PBXFileReference; lastKnownFileType = sourcecode.swift; path = SceneDelegate.swift; sourceTree = "<group>"; };
		3F570F1E27F52A7D00AB3A6A /* ViewController.swift */ = {isa = PBXFileReference; lastKnownFileType = sourcecode.swift; path = ViewController.swift; sourceTree = "<group>"; };
		3F570F2127F52A7D00AB3A6A /* Base */ = {isa = PBXFileReference; lastKnownFileType = file.storyboard; name = Base; path = Base.lproj/Main.storyboard; sourceTree = "<group>"; };
		3F570F2327F52A7E00AB3A6A /* Assets.xcassets */ = {isa = PBXFileReference; lastKnownFileType = folder.assetcatalog; path = Assets.xcassets; sourceTree = "<group>"; };
		3F570F2627F52A7E00AB3A6A /* Base */ = {isa = PBXFileReference; lastKnownFileType = file.storyboard; name = Base; path = Base.lproj/LaunchScreen.storyboard; sourceTree = "<group>"; };
		3F570F2827F52A7E00AB3A6A /* Info.plist */ = {isa = PBXFileReference; lastKnownFileType = text.plist.xml; path = Info.plist; sourceTree = "<group>"; };
		3F570F2D27F52A7E00AB3A6A /* Porika_WordGuessTests.xctest */ = {isa = PBXFileReference; explicitFileType = wrapper.cfbundle; includeInIndex = 0; path = Porika_WordGuessTests.xctest; sourceTree = BUILT_PRODUCTS_DIR; };
		3F570F3127F52A7E00AB3A6A /* Porika_WordGuessTests.swift */ = {isa = PBXFileReference; lastKnownFileType = sourcecode.swift; path = Porika_WordGuessTests.swift; sourceTree = "<group>"; };
		3F570F3727F52A7E00AB3A6A /* Porika_WordGuessUITests.xctest */ = {isa = PBXFileReference; explicitFileType = wrapper.cfbundle; includeInIndex = 0; path = Porika_WordGuessUITests.xctest; sourceTree = BUILT_PRODUCTS_DIR; };
		3F570F3B27F52A7E00AB3A6A /* Porika_WordGuessUITests.swift */ = {isa = PBXFileReference; lastKnownFileType = sourcecode.swift; path = Porika_WordGuessUITests.swift; sourceTree = "<group>"; };
		3F570F3D27F52A7E00AB3A6A /* Porika_WordGuessUITestsLaunchTests.swift */ = {isa = PBXFileReference; lastKnownFileType = sourcecode.swift; path = Porika_WordGuessUITestsLaunchTests.swift; sourceTree = "<group>"; };
/* End PBXFileReference section */

/* Begin PBXFrameworksBuildPhase section */
		3F570F1427F52A7D00AB3A6A /* Frameworks */ = {
			isa = PBXFrameworksBuildPhase;
			buildActionMask = 2147483647;
			files = (
			);
			runOnlyForDeploymentPostprocessing = 0;
		};
		3F570F2A27F52A7E00AB3A6A /* Frameworks */ = {
			isa = PBXFrameworksBuildPhase;
			buildActionMask = 2147483647;
			files = (
			);
			runOnlyForDeploymentPostprocessing = 0;
		};
		3F570F3427F52A7E00AB3A6A /* Frameworks */ = {
			isa = PBXFrameworksBuildPhase;
			buildActionMask = 2147483647;
			files = (
			);
			runOnlyForDeploymentPostprocessing = 0;
		};
/* End PBXFrameworksBuildPhase section */

/* Begin PBXGroup section */
		3F570F0E27F52A7D00AB3A6A = {
			isa = PBXGroup;
			children = (
				3F570F1927F52A7D00AB3A6A /* Porika_WordGuess */,
				3F570F3027F52A7E00AB3A6A /* Porika_WordGuessTests */,
				3F570F3A27F52A7E00AB3A6A /* Porika_WordGuessUITests */,
				3F570F1827F52A7D00AB3A6A /* Products */,
			);
			sourceTree = "<group>";
		};
		3F570F1827F52A7D00AB3A6A /* Products */ = {
			isa = PBXGroup;
			children = (
				3F570F1727F52A7D00AB3A6A /* Porika_WordGuess.app */,
				3F570F2D27F52A7E00AB3A6A /* Porika_WordGuessTests.xctest */,
				3F570F3727F52A7E00AB3A6A /* Porika_WordGuessUITests.xctest */,
			);
			name = Products;
			sourceTree = "<group>";
		};
		3F570F1927F52A7D00AB3A6A /* Porika_WordGuess */ = {
			isa = PBXGroup;
			children = (
				3F570F1A27F52A7D00AB3A6A /* AppDelegate.swift */,
				3F570F1C27F52A7D00AB3A6A /* SceneDelegate.swift */,
				3F570F1E27F52A7D00AB3A6A /* ViewController.swift */,
				3F570F2027F52A7D00AB3A6A /* Main.storyboard */,
				3F570F2327F52A7E00AB3A6A /* Assets.xcassets */,
				3F570F2527F52A7E00AB3A6A /* LaunchScreen.storyboard */,
				3F570F2827F52A7E00AB3A6A /* Info.plist */,
			);
			path = Porika_WordGuess;
			sourceTree = "<group>";
		};
		3F570F3027F52A7E00AB3A6A /* Porika_WordGuessTests */ = {
			isa = PBXGroup;
			children = (
				3F570F3127F52A7E00AB3A6A /* Porika_WordGuessTests.swift */,
			);
			path = Porika_WordGuessTests;
			sourceTree = "<group>";
		};
		3F570F3A27F52A7E00AB3A6A /* Porika_WordGuessUITests */ = {
			isa = PBXGroup;
			children = (
				3F570F3B27F52A7E00AB3A6A /* Porika_WordGuessUITests.swift */,
				3F570F3D27F52A7E00AB3A6A /* Porika_WordGuessUITestsLaunchTests.swift */,
			);
			path = Porika_WordGuessUITests;
			sourceTree = "<group>";
		};
/* End PBXGroup section */

/* Begin PBXNativeTarget section */
		3F570F1627F52A7D00AB3A6A /* Porika_WordGuess */ = {
			isa = PBXNativeTarget;
			buildConfigurationList = 3F570F4127F52A7E00AB3A6A /* Build configuration list for PBXNativeTarget "Porika_WordGuess" */;
			buildPhases = (
				3F570F1327F52A7D00AB3A6A /* Sources */,
				3F570F1427F52A7D00AB3A6A /* Frameworks */,
				3F570F1527F52A7D00AB3A6A /* Resources */,
			);
			buildRules = (
			);
			dependencies = (
			);
			name = Porika_WordGuess;
			productName = Porika_WordGuess;
			productReference = 3F570F1727F52A7D00AB3A6A /* Porika_WordGuess.app */;
			productType = "com.apple.product-type.application";
		};
		3F570F2C27F52A7E00AB3A6A /* Porika_WordGuessTests */ = {
			isa = PBXNativeTarget;
			buildConfigurationList = 3F570F4427F52A7E00AB3A6A /* Build configuration list for PBXNativeTarget "Porika_WordGuessTests" */;
			buildPhases = (
				3F570F2927F52A7E00AB3A6A /* Sources */,
				3F570F2A27F52A7E00AB3A6A /* Frameworks */,
				3F570F2B27F52A7E00AB3A6A /* Resources */,
			);
			buildRules = (
			);
			dependencies = (
				3F570F2F27F52A7E00AB3A6A /* PBXTargetDependency */,
			);
			name = Porika_WordGuessTests;
			productName = Porika_WordGuessTests;
			productReference = 3F570F2D27F52A7E00AB3A6A /* Porika_WordGuessTests.xctest */;
			productType = "com.apple.product-type.bundle.unit-test";
		};
		3F570F3627F52A7E00AB3A6A /* Porika_WordGuessUITests */ = {
			isa = PBXNativeTarget;
			buildConfigurationList = 3F570F4727F52A7E00AB3A6A /* Build configuration list for PBXNativeTarget "Porika_WordGuessUITests" */;
			buildPhases = (
				3F570F3327F52A7E00AB3A6A /* Sources */,
				3F570F3427F52A7E00AB3A6A /* Frameworks */,
				3F570F3527F52A7E00AB3A6A /* Resources */,
			);
			buildRules = (
			);
			dependencies = (
				3F570F3927F52A7E00AB3A6A /* PBXTargetDependency */,
			);
			name = Porika_WordGuessUITests;
			productName = Porika_WordGuessUITests;
			productReference = 3F570F3727F52A7E00AB3A6A /* Porika_WordGuessUITests.xctest */;
			productType = "com.apple.product-type.bundle.ui-testing";
		};
/* End PBXNativeTarget section */

/* Begin PBXProject section */
		3F570F0F27F52A7D00AB3A6A /* Project object */ = {
			isa = PBXProject;
			attributes = {
				BuildIndependentTargetsInParallel = 1;
				LastSwiftUpdateCheck = 1330;
				LastUpgradeCheck = 1330;
				TargetAttributes = {
					3F570F1627F52A7D00AB3A6A = {
						CreatedOnToolsVersion = 13.3;
					};
					3F570F2C27F52A7E00AB3A6A = {
						CreatedOnToolsVersion = 13.3;
						TestTargetID = 3F570F1627F52A7D00AB3A6A;
					};
					3F570F3627F52A7E00AB3A6A = {
						CreatedOnToolsVersion = 13.3;
						TestTargetID = 3F570F1627F52A7D00AB3A6A;
					};
				};
			};
			buildConfigurationList = 3F570F1227F52A7D00AB3A6A /* Build configuration list for PBXProject "Porika_WordGuess" */;
			compatibilityVersion = "Xcode 13.0";
			developmentRegion = en;
			hasScannedForEncodings = 0;
			knownRegions = (
				en,
				Base,
			);
			mainGroup = 3F570F0E27F52A7D00AB3A6A;
			productRefGroup = 3F570F1827F52A7D00AB3A6A /* Products */;
			projectDirPath = "";
			projectRoot = "";
			targets = (
				3F570F1627F52A7D00AB3A6A /* Porika_WordGuess */,
				3F570F2C27F52A7E00AB3A6A /* Porika_WordGuessTests */,
				3F570F3627F52A7E00AB3A6A /* Porika_WordGuessUITests */,
			);
		};
/* End PBXProject section */

/* Begin PBXResourcesBuildPhase section */
		3F570F1527F52A7D00AB3A6A /* Resources */ = {
			isa = PBXResourcesBuildPhase;
			buildActionMask = 2147483647;
			files = (
				3F570F2727F52A7E00AB3A6A /* LaunchScreen.storyboard in Resources */,
				3F570F2427F52A7E00AB3A6A /* Assets.xcassets in Resources */,
				3F570F2227F52A7D00AB3A6A /* Main.storyboard in Resources */,
			);
			runOnlyForDeploymentPostprocessing = 0;
		};
		3F570F2B27F52A7E00AB3A6A /* Resources */ = {
			isa = PBXResourcesBuildPhase;
			buildActionMask = 2147483647;
			files = (
			);
			runOnlyForDeploymentPostprocessing = 0;
		};
		3F570F3527F52A7E00AB3A6A /* Resources */ = {
			isa = PBXResourcesBuildPhase;
			buildActionMask = 2147483647;
			files = (
			);
			runOnlyForDeploymentPostprocessing = 0;
		};
/* End PBXResourcesBuildPhase section */

/* Begin PBXSourcesBuildPhase section */
		3F570F1327F52A7D00AB3A6A /* Sources */ = {
			isa = PBXSourcesBuildPhase;
			buildActionMask = 2147483647;
			files = (
				3F570F1F27F52A7D00AB3A6A /* ViewController.swift in Sources */,
				3F570F1B27F52A7D00AB3A6A /* AppDelegate.swift in Sources */,
				3F570F1D27F52A7D00AB3A6A /* SceneDelegate.swift in Sources */,
			);
			runOnlyForDeploymentPostprocessing = 0;
		};
		3F570F2927F52A7E00AB3A6A /* Sources */ = {
			isa = PBXSourcesBuildPhase;
			buildActionMask = 2147483647;
			files = (
				3F570F3227F52A7E00AB3A6A /* Porika_WordGuessTests.swift in Sources */,
			);
			runOnlyForDeploymentPostprocessing = 0;
		};
		3F570F3327F52A7E00AB3A6A /* Sources */ = {
			isa = PBXSourcesBuildPhase;
			buildActionMask = 2147483647;
			files = (
				3F570F3E27F52A7E00AB3A6A /* Porika_WordGuessUITestsLaunchTests.swift in Sources */,
				3F570F3C27F52A7E00AB3A6A /* Porika_WordGuessUITests.swift in Sources */,
			);
			runOnlyForDeploymentPostprocessing = 0;
		};
/* End PBXSourcesBuildPhase section */

/* Begin PBXTargetDependency section */
		3F570F2F27F52A7E00AB3A6A /* PBXTargetDependency */ = {
			isa = PBXTargetDependency;
			target = 3F570F1627F52A7D00AB3A6A /* Porika_WordGuess */;
			targetProxy = 3F570F2E27F52A7E00AB3A6A /* PBXContainerItemProxy */;
		};
		3F570F3927F52A7E00AB3A6A /* PBXTargetDependency */ = {
			isa = PBXTargetDependency;
			target = 3F570F1627F52A7D00AB3A6A /* Porika_WordGuess */;
			targetProxy = 3F570F3827F52A7E00AB3A6A /* PBXContainerItemProxy */;
		};
/* End PBXTargetDependency section */

/* Begin PBXVariantGroup section */
		3F570F2027F52A7D00AB3A6A /* Main.storyboard */ = {
			isa = PBXVariantGroup;
			children = (
				3F570F2127F52A7D00AB3A6A /* Base */,
			);
			name = Main.storyboard;
			sourceTree = "<group>";
		};
		3F570F2527F52A7E00AB3A6A /* LaunchScreen.storyboard */ = {
			isa = PBXVariantGroup;
			children = (
				3F570F2627F52A7E00AB3A6A /* Base */,
			);
			name = LaunchScreen.storyboard;
			sourceTree = "<group>";
		};
/* End PBXVariantGroup section */

/* Begin XCBuildConfiguration section */
		3F570F3F27F52A7E00AB3A6A /* Debug */ = {
			isa = XCBuildConfiguration;
			buildSettings = {
				ALWAYS_SEARCH_USER_PATHS = NO;
				CLANG_ANALYZER_NONNULL = YES;
				CLANG_ANALYZER_NUMBER_OBJECT_CONVERSION = YES_AGGRESSIVE;
				CLANG_CXX_LANGUAGE_STANDARD = "gnu++17";
				CLANG_ENABLE_MODULES = YES;
				CLANG_ENABLE_OBJC_ARC = YES;
				CLANG_ENABLE_OBJC_WEAK = YES;
				CLANG_WARN_BLOCK_CAPTURE_AUTORELEASING = YES;
				CLANG_WARN_BOOL_CONVERSION = YES;
				CLANG_WARN_COMMA = YES;
				CLANG_WARN_CONSTANT_CONVERSION = YES;
				CLANG_WARN_DEPRECATED_OBJC_IMPLEMENTATIONS = YES;
				CLANG_WARN_DIRECT_OBJC_ISA_USAGE = YES_ERROR;
				CLANG_WARN_DOCUMENTATION_COMMENTS = YES;
				CLANG_WARN_EMPTY_BODY = YES;
				CLANG_WARN_ENUM_CONVERSION = YES;
				CLANG_WARN_INFINITE_RECURSION = YES;
				CLANG_WARN_INT_CONVERSION = YES;
				CLANG_WARN_NON_LITERAL_NULL_CONVERSION = YES;
				CLANG_WARN_OBJC_IMPLICIT_RETAIN_SELF = YES;
				CLANG_WARN_OBJC_LITERAL_CONVERSION = YES;
				CLANG_WARN_OBJC_ROOT_CLASS = YES_ERROR;
				CLANG_WARN_QUOTED_INCLUDE_IN_FRAMEWORK_HEADER = YES;
				CLANG_WARN_RANGE_LOOP_ANALYSIS = YES;
				CLANG_WARN_STRICT_PROTOTYPES = YES;
				CLANG_WARN_SUSPICIOUS_MOVE = YES;
				CLANG_WARN_UNGUARDED_AVAILABILITY = YES_AGGRESSIVE;
				CLANG_WARN_UNREACHABLE_CODE = YES;
				CLANG_WARN__DUPLICATE_METHOD_MATCH = YES;
				COPY_PHASE_STRIP = NO;
				DEBUG_INFORMATION_FORMAT = dwarf;
				ENABLE_STRICT_OBJC_MSGSEND = YES;
				ENABLE_TESTABILITY = YES;
				GCC_C_LANGUAGE_STANDARD = gnu11;
				GCC_DYNAMIC_NO_PIC = NO;
				GCC_NO_COMMON_BLOCKS = YES;
				GCC_OPTIMIZATION_LEVEL = 0;
				GCC_PREPROCESSOR_DEFINITIONS = (
					"DEBUG=1",
					"$(inherited)",
				);
				GCC_WARN_64_TO_32_BIT_CONVERSION = YES;
				GCC_WARN_ABOUT_RETURN_TYPE = YES_ERROR;
				GCC_WARN_UNDECLARED_SELECTOR = YES;
				GCC_WARN_UNINITIALIZED_AUTOS = YES_AGGRESSIVE;
				GCC_WARN_UNUSED_FUNCTION = YES;
				GCC_WARN_UNUSED_VARIABLE = YES;
				IPHONEOS_DEPLOYMENT_TARGET = 15.4;
				MTL_ENABLE_DEBUG_INFO = INCLUDE_SOURCE;
				MTL_FAST_MATH = YES;
				ONLY_ACTIVE_ARCH = YES;
				SDKROOT = iphoneos;
				SWIFT_ACTIVE_COMPILATION_CONDITIONS = DEBUG;
				SWIFT_OPTIMIZATION_LEVEL = "-Onone";
			};
			name = Debug;
		};
		3F570F4027F52A7E00AB3A6A /* Release */ = {
			isa = XCBuildConfiguration;
			buildSettings = {
				ALWAYS_SEARCH_USER_PATHS = NO;
				CLANG_ANALYZER_NONNULL = YES;
				CLANG_ANALYZER_NUMBER_OBJECT_CONVERSION = YES_AGGRESSIVE;
				CLANG_CXX_LANGUAGE_STANDARD = "gnu++17";
				CLANG_ENABLE_MODULES = YES;
				CLANG_ENABLE_OBJC_ARC = YES;
				CLANG_ENABLE_OBJC_WEAK = YES;
				CLANG_WARN_BLOCK_CAPTURE_AUTORELEASING = YES;
				CLANG_WARN_BOOL_CONVERSION = YES;
				CLANG_WARN_COMMA = YES;
				CLANG_WARN_CONSTANT_CONVERSION = YES;
				CLANG_WARN_DEPRECATED_OBJC_IMPLEMENTATIONS = YES;
				CLANG_WARN_DIRECT_OBJC_ISA_USAGE = YES_ERROR;
				CLANG_WARN_DOCUMENTATION_COMMENTS = YES;
				CLANG_WARN_EMPTY_BODY = YES;
				CLANG_WARN_ENUM_CONVERSION = YES;
				CLANG_WARN_INFINITE_RECURSION = YES;
				CLANG_WARN_INT_CONVERSION = YES;
				CLANG_WARN_NON_LITERAL_NULL_CONVERSION = YES;
				CLANG_WARN_OBJC_IMPLICIT_RETAIN_SELF = YES;
				CLANG_WARN_OBJC_LITERAL_CONVERSION = YES;
				CLANG_WARN_OBJC_ROOT_CLASS = YES_ERROR;
				CLANG_WARN_QUOTED_INCLUDE_IN_FRAMEWORK_HEADER = YES;
				CLANG_WARN_RANGE_LOOP_ANALYSIS = YES;
				CLANG_WARN_STRICT_PROTOTYPES = YES;
				CLANG_WARN_SUSPICIOUS_MOVE = YES;
				CLANG_WARN_UNGUARDED_AVAILABILITY = YES_AGGRESSIVE;
				CLANG_WARN_UNREACHABLE_CODE = YES;
				CLANG_WARN__DUPLICATE_METHOD_MATCH = YES;
				COPY_PHASE_STRIP = NO;
				DEBUG_INFORMATION_FORMAT = "dwarf-with-dsym";
				ENABLE_NS_ASSERTIONS = NO;
				ENABLE_STRICT_OBJC_MSGSEND = YES;
				GCC_C_LANGUAGE_STANDARD = gnu11;
				GCC_NO_COMMON_BLOCKS = YES;
				GCC_WARN_64_TO_32_BIT_CONVERSION = YES;
				GCC_WARN_ABOUT_RETURN_TYPE = YES_ERROR;
				GCC_WARN_UNDECLARED_SELECTOR = YES;
				GCC_WARN_UNINITIALIZED_AUTOS = YES_AGGRESSIVE;
				GCC_WARN_UNUSED_FUNCTION = YES;
				GCC_WARN_UNUSED_VARIABLE = YES;
				IPHONEOS_DEPLOYMENT_TARGET = 15.4;
				MTL_ENABLE_DEBUG_INFO = NO;
				MTL_FAST_MATH = YES;
				SDKROOT = iphoneos;
				SWIFT_COMPILATION_MODE = wholemodule;
				SWIFT_OPTIMIZATION_LEVEL = "-O";
				VALIDATE_PRODUCT = YES;
			};
			name = Release;
		};
		3F570F4227F52A7E00AB3A6A /* Debug */ = {
			isa = XCBuildConfiguration;
			buildSettings = {
				ASSETCATALOG_COMPILER_APPICON_NAME = AppIcon;
				ASSETCATALOG_COMPILER_GLOBAL_ACCENT_COLOR_NAME = AccentColor;
				CODE_SIGN_STYLE = Automatic;
				CURRENT_PROJECT_VERSION = 1;
				GENERATE_INFOPLIST_FILE = YES;
				INFOPLIST_FILE = Porika_WordGuess/Info.plist;
				INFOPLIST_KEY_CFBundleDisplayName = Porika_WordGuess;
				INFOPLIST_KEY_UIApplicationSupportsIndirectInputEvents = YES;
				INFOPLIST_KEY_UILaunchStoryboardName = LaunchScreen;
				INFOPLIST_KEY_UIMainStoryboardFile = Main;
				INFOPLIST_KEY_UISupportedInterfaceOrientations_iPad = "UIInterfaceOrientationPortrait UIInterfaceOrientationPortraitUpsideDown UIInterfaceOrientationLandscapeLeft UIInterfaceOrientationLandscapeRight";
				INFOPLIST_KEY_UISupportedInterfaceOrientations_iPhone = "UIInterfaceOrientationPortrait UIInterfaceOrientationLandscapeLeft UIInterfaceOrientationLandscapeRight";
				LD_RUNPATH_SEARCH_PATHS = (
					"$(inherited)",
					"@executable_path/Frameworks",
				);
				MARKETING_VERSION = 1.0;
				PRODUCT_BUNDLE_IDENTIFIER = "nwmsu.Porika-WordGuess";
				PRODUCT_NAME = "$(TARGET_NAME)";
				SWIFT_EMIT_LOC_STRINGS = YES;
				SWIFT_VERSION = 5.0;
				TARGETED_DEVICE_FAMILY = "1,2";
			};
			name = Debug;
		};
		3F570F4327F52A7E00AB3A6A /* Release */ = {
			isa = XCBuildConfiguration;
			buildSettings = {
				ASSETCATALOG_COMPILER_APPICON_NAME = AppIcon;
				ASSETCATALOG_COMPILER_GLOBAL_ACCENT_COLOR_NAME = AccentColor;
				CODE_SIGN_STYLE = Automatic;
				CURRENT_PROJECT_VERSION = 1;
				GENERATE_INFOPLIST_FILE = YES;
				INFOPLIST_FILE = Porika_WordGuess/Info.plist;
				INFOPLIST_KEY_CFBundleDisplayName = Porika_WordGuess;
				INFOPLIST_KEY_UIApplicationSupportsIndirectInputEvents = YES;
				INFOPLIST_KEY_UILaunchStoryboardName = LaunchScreen;
				INFOPLIST_KEY_UIMainStoryboardFile = Main;
				INFOPLIST_KEY_UISupportedInterfaceOrientations_iPad = "UIInterfaceOrientationPortrait UIInterfaceOrientationPortraitUpsideDown UIInterfaceOrientationLandscapeLeft UIInterfaceOrientationLandscapeRight";
				INFOPLIST_KEY_UISupportedInterfaceOrientations_iPhone = "UIInterfaceOrientationPortrait UIInterfaceOrientationLandscapeLeft UIInterfaceOrientationLandscapeRight";
				LD_RUNPATH_SEARCH_PATHS = (
					"$(inherited)",
					"@executable_path/Frameworks",
				);
				MARKETING_VERSION = 1.0;
				PRODUCT_BUNDLE_IDENTIFIER = "nwmsu.Porika-WordGuess";
				PRODUCT_NAME = "$(TARGET_NAME)";
				SWIFT_EMIT_LOC_STRINGS = YES;
				SWIFT_VERSION = 5.0;
				TARGETED_DEVICE_FAMILY = "1,2";
			};
			name = Release;
		};
		3F570F4527F52A7E00AB3A6A /* Debug */ = {
			isa = XCBuildConfiguration;
			buildSettings = {
				ALWAYS_EMBED_SWIFT_STANDARD_LIBRARIES = YES;
				BUNDLE_LOADER = "$(TEST_HOST)";
				CODE_SIGN_STYLE = Automatic;
				CURRENT_PROJECT_VERSION = 1;
				GENERATE_INFOPLIST_FILE = YES;
				IPHONEOS_DEPLOYMENT_TARGET = 15.4;
				MARKETING_VERSION = 1.0;
				PRODUCT_BUNDLE_IDENTIFIER = "nwmsu.Porika-WordGuessTests";
				PRODUCT_NAME = "$(TARGET_NAME)";
				SWIFT_EMIT_LOC_STRINGS = NO;
				SWIFT_VERSION = 5.0;
				TARGETED_DEVICE_FAMILY = "1,2";
				TEST_HOST = "$(BUILT_PRODUCTS_DIR)/Porika_WordGuess.app/Porika_WordGuess";
			};
			name = Debug;
		};
		3F570F4627F52A7E00AB3A6A /* Release */ = {
			isa = XCBuildConfiguration;
			buildSettings = {
				ALWAYS_EMBED_SWIFT_STANDARD_LIBRARIES = YES;
				BUNDLE_LOADER = "$(TEST_HOST)";
				CODE_SIGN_STYLE = Automatic;
				CURRENT_PROJECT_VERSION = 1;
				GENERATE_INFOPLIST_FILE = YES;
				IPHONEOS_DEPLOYMENT_TARGET = 15.4;
				MARKETING_VERSION = 1.0;
				PRODUCT_BUNDLE_IDENTIFIER = "nwmsu.Porika-WordGuessTests";
				PRODUCT_NAME = "$(TARGET_NAME)";
				SWIFT_EMIT_LOC_STRINGS = NO;
				SWIFT_VERSION = 5.0;
				TARGETED_DEVICE_FAMILY = "1,2";
				TEST_HOST = "$(BUILT_PRODUCTS_DIR)/Porika_WordGuess.app/Porika_WordGuess";
			};
			name = Release;
		};
		3F570F4827F52A7E00AB3A6A /* Debug */ = {
			isa = XCBuildConfiguration;
			buildSettings = {
				ALWAYS_EMBED_SWIFT_STANDARD_LIBRARIES = YES;
				CODE_SIGN_STYLE = Automatic;
				CURRENT_PROJECT_VERSION = 1;
				GENERATE_INFOPLIST_FILE = YES;
				MARKETING_VERSION = 1.0;
				PRODUCT_BUNDLE_IDENTIFIER = "nwmsu.Porika-WordGuessUITests";
				PRODUCT_NAME = "$(TARGET_NAME)";
				SWIFT_EMIT_LOC_STRINGS = NO;
				SWIFT_VERSION = 5.0;
				TARGETED_DEVICE_FAMILY = "1,2";
				TEST_TARGET_NAME = Porika_WordGuess;
			};
			name = Debug;
		};
		3F570F4927F52A7E00AB3A6A /* Release */ = {
			isa = XCBuildConfiguration;
			buildSettings = {
				ALWAYS_EMBED_SWIFT_STANDARD_LIBRARIES = YES;
				CODE_SIGN_STYLE = Automatic;
				CURRENT_PROJECT_VERSION = 1;
				GENERATE_INFOPLIST_FILE = YES;
				MARKETING_VERSION = 1.0;
				PRODUCT_BUNDLE_IDENTIFIER = "nwmsu.Porika-WordGuessUITests";
				PRODUCT_NAME = "$(TARGET_NAME)";
				SWIFT_EMIT_LOC_STRINGS = NO;
				SWIFT_VERSION = 5.0;
				TARGETED_DEVICE_FAMILY = "1,2";
				TEST_TARGET_NAME = Porika_WordGuess;
			};
			name = Release;
		};
/* End XCBuildConfiguration section */

/* Begin XCConfigurationList section */
		3F570F1227F52A7D00AB3A6A /* Build configuration list for PBXProject "Porika_WordGuess" */ = {
			isa = XCConfigurationList;
			buildConfigurations = (
				3F570F3F27F52A7E00AB3A6A /* Debug */,
				3F570F4027F52A7E00AB3A6A /* Release */,
			);
			defaultConfigurationIsVisible = 0;
			defaultConfigurationName = Release;
		};
		3F570F4127F52A7E00AB3A6A /* Build configuration list for PBXNativeTarget "Porika_WordGuess" */ = {
			isa = XCConfigurationList;
			buildConfigurations = (
				3F570F4227F52A7E00AB3A6A /* Debug */,
				3F570F4327F52A7E00AB3A6A /* Release */,
			);
			defaultConfigurationIsVisible = 0;
			defaultConfigurationName = Release;
		};
		3F570F4427F52A7E00AB3A6A /* Build configuration list for PBXNativeTarget "Porika_WordGuessTests" */ = {
			isa = XCConfigurationList;
			buildConfigurations = (
				3F570F4527F52A7E00AB3A6A /* Debug */,
				3F570F4627F52A7E00AB3A6A /* Release */,
			);
			defaultConfigurationIsVisible = 0;
			defaultConfigurationName = Release;
		};
		3F570F4727F52A7E00AB3A6A /* Build configuration list for PBXNativeTarget "Porika_WordGuessUITests" */ = {
			isa = XCConfigurationList;
			buildConfigurations = (
				3F570F4827F52A7E00AB3A6A /* Debug */,
				3F570F4927F52A7E00AB3A6A /* Release */,
			);
			defaultConfigurationIsVisible = 0;
			defaultConfigurationName = Release;
		};
/* End XCConfigurationList section */
	};
	rootObject = 3F570F0F27F52A7D00AB3A6A /* Project object */;
}
