// !$*UTF8*$!
{
	archiveVersion = 1;
	classes = {
	};
	objectVersion = 55;
	objects = {

/* Begin PBXBuildFile section */
		2442926E27C7DF9600D36A6A /* AppDelegate.swift in Sources */ = {isa = PBXBuildFile; fileRef = 2442926D27C7DF9600D36A6A /* AppDelegate.swift */; };
		2442927027C7DF9600D36A6A /* SceneDelegate.swift in Sources */ = {isa = PBXBuildFile; fileRef = 2442926F27C7DF9600D36A6A /* SceneDelegate.swift */; };
		2442927227C7DF9600D36A6A /* ViewController.swift in Sources */ = {isa = PBXBuildFile; fileRef = 2442927127C7DF9600D36A6A /* ViewController.swift */; };
		2442927527C7DF9600D36A6A /* Main.storyboard in Resources */ = {isa = PBXBuildFile; fileRef = 2442927327C7DF9600D36A6A /* Main.storyboard */; };
		2442927727C7DF9800D36A6A /* Assets.xcassets in Resources */ = {isa = PBXBuildFile; fileRef = 2442927627C7DF9800D36A6A /* Assets.xcassets */; };
		2442927A27C7DF9800D36A6A /* LaunchScreen.storyboard in Resources */ = {isa = PBXBuildFile; fileRef = 2442927827C7DF9800D36A6A /* LaunchScreen.storyboard */; };
		2442928527C7DF9800D36A6A /* Porika_DiceGameTests.swift in Sources */ = {isa = PBXBuildFile; fileRef = 2442928427C7DF9800D36A6A /* Porika_DiceGameTests.swift */; };
		2442928F27C7DF9800D36A6A /* Porika_DiceGameUITests.swift in Sources */ = {isa = PBXBuildFile; fileRef = 2442928E27C7DF9800D36A6A /* Porika_DiceGameUITests.swift */; };
		2442929127C7DF9800D36A6A /* Porika_DiceGameUITestsLaunchTests.swift in Sources */ = {isa = PBXBuildFile; fileRef = 2442929027C7DF9800D36A6A /* Porika_DiceGameUITestsLaunchTests.swift */; };
/* End PBXBuildFile section */

/* Begin PBXContainerItemProxy section */
		2442928127C7DF9800D36A6A /* PBXContainerItemProxy */ = {
			isa = PBXContainerItemProxy;
			containerPortal = 2442926227C7DF9600D36A6A /* Project object */;
			proxyType = 1;
			remoteGlobalIDString = 2442926927C7DF9600D36A6A;
			remoteInfo = Porika_DiceGame;
		};
		2442928B27C7DF9800D36A6A /* PBXContainerItemProxy */ = {
			isa = PBXContainerItemProxy;
			containerPortal = 2442926227C7DF9600D36A6A /* Project object */;
			proxyType = 1;
			remoteGlobalIDString = 2442926927C7DF9600D36A6A;
			remoteInfo = Porika_DiceGame;
		};
/* End PBXContainerItemProxy section */

/* Begin PBXFileReference section */
		2442926A27C7DF9600D36A6A /* Porika_DiceGame.app */ = {isa = PBXFileReference; explicitFileType = wrapper.application; includeInIndex = 0; path = Porika_DiceGame.app; sourceTree = BUILT_PRODUCTS_DIR; };
		2442926D27C7DF9600D36A6A /* AppDelegate.swift */ = {isa = PBXFileReference; lastKnownFileType = sourcecode.swift; path = AppDelegate.swift; sourceTree = "<group>"; };
		2442926F27C7DF9600D36A6A /* SceneDelegate.swift */ = {isa = PBXFileReference; lastKnownFileType = sourcecode.swift; path = SceneDelegate.swift; sourceTree = "<group>"; };
		2442927127C7DF9600D36A6A /* ViewController.swift */ = {isa = PBXFileReference; lastKnownFileType = sourcecode.swift; path = ViewController.swift; sourceTree = "<group>"; };
		2442927427C7DF9600D36A6A /* Base */ = {isa = PBXFileReference; lastKnownFileType = file.storyboard; name = Base; path = Base.lproj/Main.storyboard; sourceTree = "<group>"; };
		2442927627C7DF9800D36A6A /* Assets.xcassets */ = {isa = PBXFileReference; lastKnownFileType = folder.assetcatalog; path = Assets.xcassets; sourceTree = "<group>"; };
		2442927927C7DF9800D36A6A /* Base */ = {isa = PBXFileReference; lastKnownFileType = file.storyboard; name = Base; path = Base.lproj/LaunchScreen.storyboard; sourceTree = "<group>"; };
		2442927B27C7DF9800D36A6A /* Info.plist */ = {isa = PBXFileReference; lastKnownFileType = text.plist.xml; path = Info.plist; sourceTree = "<group>"; };
		2442928027C7DF9800D36A6A /* Porika_DiceGameTests.xctest */ = {isa = PBXFileReference; explicitFileType = wrapper.cfbundle; includeInIndex = 0; path = Porika_DiceGameTests.xctest; sourceTree = BUILT_PRODUCTS_DIR; };
		2442928427C7DF9800D36A6A /* Porika_DiceGameTests.swift */ = {isa = PBXFileReference; lastKnownFileType = sourcecode.swift; path = Porika_DiceGameTests.swift; sourceTree = "<group>"; };
		2442928A27C7DF9800D36A6A /* Porika_DiceGameUITests.xctest */ = {isa = PBXFileReference; explicitFileType = wrapper.cfbundle; includeInIndex = 0; path = Porika_DiceGameUITests.xctest; sourceTree = BUILT_PRODUCTS_DIR; };
		2442928E27C7DF9800D36A6A /* Porika_DiceGameUITests.swift */ = {isa = PBXFileReference; lastKnownFileType = sourcecode.swift; path = Porika_DiceGameUITests.swift; sourceTree = "<group>"; };
		2442929027C7DF9800D36A6A /* Porika_DiceGameUITestsLaunchTests.swift */ = {isa = PBXFileReference; lastKnownFileType = sourcecode.swift; path = Porika_DiceGameUITestsLaunchTests.swift; sourceTree = "<group>"; };
/* End PBXFileReference section */

/* Begin PBXFrameworksBuildPhase section */
		2442926727C7DF9600D36A6A /* Frameworks */ = {
			isa = PBXFrameworksBuildPhase;
			buildActionMask = 2147483647;
			files = (
			);
			runOnlyForDeploymentPostprocessing = 0;
		};
		2442927D27C7DF9800D36A6A /* Frameworks */ = {
			isa = PBXFrameworksBuildPhase;
			buildActionMask = 2147483647;
			files = (
			);
			runOnlyForDeploymentPostprocessing = 0;
		};
		2442928727C7DF9800D36A6A /* Frameworks */ = {
			isa = PBXFrameworksBuildPhase;
			buildActionMask = 2147483647;
			files = (
			);
			runOnlyForDeploymentPostprocessing = 0;
		};
/* End PBXFrameworksBuildPhase section */

/* Begin PBXGroup section */
		2442926127C7DF9600D36A6A = {
			isa = PBXGroup;
			children = (
				2442926C27C7DF9600D36A6A /* Porika_DiceGame */,
				2442928327C7DF9800D36A6A /* Porika_DiceGameTests */,
				2442928D27C7DF9800D36A6A /* Porika_DiceGameUITests */,
				2442926B27C7DF9600D36A6A /* Products */,
			);
			sourceTree = "<group>";
		};
		2442926B27C7DF9600D36A6A /* Products */ = {
			isa = PBXGroup;
			children = (
				2442926A27C7DF9600D36A6A /* Porika_DiceGame.app */,
				2442928027C7DF9800D36A6A /* Porika_DiceGameTests.xctest */,
				2442928A27C7DF9800D36A6A /* Porika_DiceGameUITests.xctest */,
			);
			name = Products;
			sourceTree = "<group>";
		};
		2442926C27C7DF9600D36A6A /* Porika_DiceGame */ = {
			isa = PBXGroup;
			children = (
				2442926D27C7DF9600D36A6A /* AppDelegate.swift */,
				2442926F27C7DF9600D36A6A /* SceneDelegate.swift */,
				2442927127C7DF9600D36A6A /* ViewController.swift */,
				2442927327C7DF9600D36A6A /* Main.storyboard */,
				2442927627C7DF9800D36A6A /* Assets.xcassets */,
				2442927827C7DF9800D36A6A /* LaunchScreen.storyboard */,
				2442927B27C7DF9800D36A6A /* Info.plist */,
			);
			path = Porika_DiceGame;
			sourceTree = "<group>";
		};
		2442928327C7DF9800D36A6A /* Porika_DiceGameTests */ = {
			isa = PBXGroup;
			children = (
				2442928427C7DF9800D36A6A /* Porika_DiceGameTests.swift */,
			);
			path = Porika_DiceGameTests;
			sourceTree = "<group>";
		};
		2442928D27C7DF9800D36A6A /* Porika_DiceGameUITests */ = {
			isa = PBXGroup;
			children = (
				2442928E27C7DF9800D36A6A /* Porika_DiceGameUITests.swift */,
				2442929027C7DF9800D36A6A /* Porika_DiceGameUITestsLaunchTests.swift */,
			);
			path = Porika_DiceGameUITests;
			sourceTree = "<group>";
		};
/* End PBXGroup section */

/* Begin PBXNativeTarget section */
		2442926927C7DF9600D36A6A /* Porika_DiceGame */ = {
			isa = PBXNativeTarget;
			buildConfigurationList = 2442929427C7DF9800D36A6A /* Build configuration list for PBXNativeTarget "Porika_DiceGame" */;
			buildPhases = (
				2442926627C7DF9600D36A6A /* Sources */,
				2442926727C7DF9600D36A6A /* Frameworks */,
				2442926827C7DF9600D36A6A /* Resources */,
			);
			buildRules = (
			);
			dependencies = (
			);
			name = Porika_DiceGame;
			productName = Porika_DiceGame;
			productReference = 2442926A27C7DF9600D36A6A /* Porika_DiceGame.app */;
			productType = "com.apple.product-type.application";
		};
		2442927F27C7DF9800D36A6A /* Porika_DiceGameTests */ = {
			isa = PBXNativeTarget;
			buildConfigurationList = 2442929727C7DF9800D36A6A /* Build configuration list for PBXNativeTarget "Porika_DiceGameTests" */;
			buildPhases = (
				2442927C27C7DF9800D36A6A /* Sources */,
				2442927D27C7DF9800D36A6A /* Frameworks */,
				2442927E27C7DF9800D36A6A /* Resources */,
			);
			buildRules = (
			);
			dependencies = (
				2442928227C7DF9800D36A6A /* PBXTargetDependency */,
			);
			name = Porika_DiceGameTests;
			productName = Porika_DiceGameTests;
			productReference = 2442928027C7DF9800D36A6A /* Porika_DiceGameTests.xctest */;
			productType = "com.apple.product-type.bundle.unit-test";
		};
		2442928927C7DF9800D36A6A /* Porika_DiceGameUITests */ = {
			isa = PBXNativeTarget;
			buildConfigurationList = 2442929A27C7DF9800D36A6A /* Build configuration list for PBXNativeTarget "Porika_DiceGameUITests" */;
			buildPhases = (
				2442928627C7DF9800D36A6A /* Sources */,
				2442928727C7DF9800D36A6A /* Frameworks */,
				2442928827C7DF9800D36A6A /* Resources */,
			);
			buildRules = (
			);
			dependencies = (
				2442928C27C7DF9800D36A6A /* PBXTargetDependency */,
			);
			name = Porika_DiceGameUITests;
			productName = Porika_DiceGameUITests;
			productReference = 2442928A27C7DF9800D36A6A /* Porika_DiceGameUITests.xctest */;
			productType = "com.apple.product-type.bundle.ui-testing";
		};
/* End PBXNativeTarget section */

/* Begin PBXProject section */
		2442926227C7DF9600D36A6A /* Project object */ = {
			isa = PBXProject;
			attributes = {
				BuildIndependentTargetsInParallel = 1;
				LastSwiftUpdateCheck = 1320;
				LastUpgradeCheck = 1320;
				TargetAttributes = {
					2442926927C7DF9600D36A6A = {
						CreatedOnToolsVersion = 13.2.1;
					};
					2442927F27C7DF9800D36A6A = {
						CreatedOnToolsVersion = 13.2.1;
						TestTargetID = 2442926927C7DF9600D36A6A;
					};
					2442928927C7DF9800D36A6A = {
						CreatedOnToolsVersion = 13.2.1;
						TestTargetID = 2442926927C7DF9600D36A6A;
					};
				};
			};
			buildConfigurationList = 2442926527C7DF9600D36A6A /* Build configuration list for PBXProject "Porika_DiceGame" */;
			compatibilityVersion = "Xcode 13.0";
			developmentRegion = en;
			hasScannedForEncodings = 0;
			knownRegions = (
				en,
				Base,
			);
			mainGroup = 2442926127C7DF9600D36A6A;
			productRefGroup = 2442926B27C7DF9600D36A6A /* Products */;
			projectDirPath = "";
			projectRoot = "";
			targets = (
				2442926927C7DF9600D36A6A /* Porika_DiceGame */,
				2442927F27C7DF9800D36A6A /* Porika_DiceGameTests */,
				2442928927C7DF9800D36A6A /* Porika_DiceGameUITests */,
			);
		};
/* End PBXProject section */

/* Begin PBXResourcesBuildPhase section */
		2442926827C7DF9600D36A6A /* Resources */ = {
			isa = PBXResourcesBuildPhase;
			buildActionMask = 2147483647;
			files = (
				2442927A27C7DF9800D36A6A /* LaunchScreen.storyboard in Resources */,
				2442927727C7DF9800D36A6A /* Assets.xcassets in Resources */,
				2442927527C7DF9600D36A6A /* Main.storyboard in Resources */,
			);
			runOnlyForDeploymentPostprocessing = 0;
		};
		2442927E27C7DF9800D36A6A /* Resources */ = {
			isa = PBXResourcesBuildPhase;
			buildActionMask = 2147483647;
			files = (
			);
			runOnlyForDeploymentPostprocessing = 0;
		};
		2442928827C7DF9800D36A6A /* Resources */ = {
			isa = PBXResourcesBuildPhase;
			buildActionMask = 2147483647;
			files = (
			);
			runOnlyForDeploymentPostprocessing = 0;
		};
/* End PBXResourcesBuildPhase section */

/* Begin PBXSourcesBuildPhase section */
		2442926627C7DF9600D36A6A /* Sources */ = {
			isa = PBXSourcesBuildPhase;
			buildActionMask = 2147483647;
			files = (
				2442927227C7DF9600D36A6A /* ViewController.swift in Sources */,
				2442926E27C7DF9600D36A6A /* AppDelegate.swift in Sources */,
				2442927027C7DF9600D36A6A /* SceneDelegate.swift in Sources */,
			);
			runOnlyForDeploymentPostprocessing = 0;
		};
		2442927C27C7DF9800D36A6A /* Sources */ = {
			isa = PBXSourcesBuildPhase;
			buildActionMask = 2147483647;
			files = (
				2442928527C7DF9800D36A6A /* Porika_DiceGameTests.swift in Sources */,
			);
			runOnlyForDeploymentPostprocessing = 0;
		};
		2442928627C7DF9800D36A6A /* Sources */ = {
			isa = PBXSourcesBuildPhase;
			buildActionMask = 2147483647;
			files = (
				2442928F27C7DF9800D36A6A /* Porika_DiceGameUITests.swift in Sources */,
				2442929127C7DF9800D36A6A /* Porika_DiceGameUITestsLaunchTests.swift in Sources */,
			);
			runOnlyForDeploymentPostprocessing = 0;
		};
/* End PBXSourcesBuildPhase section */

/* Begin PBXTargetDependency section */
		2442928227C7DF9800D36A6A /* PBXTargetDependency */ = {
			isa = PBXTargetDependency;
			target = 2442926927C7DF9600D36A6A /* Porika_DiceGame */;
			targetProxy = 2442928127C7DF9800D36A6A /* PBXContainerItemProxy */;
		};
		2442928C27C7DF9800D36A6A /* PBXTargetDependency */ = {
			isa = PBXTargetDependency;
			target = 2442926927C7DF9600D36A6A /* Porika_DiceGame */;
			targetProxy = 2442928B27C7DF9800D36A6A /* PBXContainerItemProxy */;
		};
/* End PBXTargetDependency section */

/* Begin PBXVariantGroup section */
		2442927327C7DF9600D36A6A /* Main.storyboard */ = {
			isa = PBXVariantGroup;
			children = (
				2442927427C7DF9600D36A6A /* Base */,
			);
			name = Main.storyboard;
			sourceTree = "<group>";
		};
		2442927827C7DF9800D36A6A /* LaunchScreen.storyboard */ = {
			isa = PBXVariantGroup;
			children = (
				2442927927C7DF9800D36A6A /* Base */,
			);
			name = LaunchScreen.storyboard;
			sourceTree = "<group>";
		};
/* End PBXVariantGroup section */

/* Begin XCBuildConfiguration section */
		2442929227C7DF9800D36A6A /* Debug */ = {
			isa = XCBuildConfiguration;
			buildSettings = {
				ALWAYS_SEARCH_USER_PATHS = NO;
				CLANG_ANALYZER_NONNULL = YES;
				CLANG_ANALYZER_NUMBER_OBJECT_CONVERSION = YES_AGGRESSIVE;
				CLANG_CXX_LANGUAGE_STANDARD = "gnu++17";
				CLANG_CXX_LIBRARY = "libc++";
				CLANG_ENABLE_MODULES = YES;
				CLANG_ENABLE_OBJC_ARC = YES;
				CLANG_ENABLE_OBJC_WEAK = YES;
				CLANG_WARN_BLOCK_CAPTURE_AUTORELEASING = YES;
				CLANG_WARN_BOOL_CONVERSION = YES;
				CLANG_WARN_COMMA = YES;
				CLANG_WARN_CONSTANT_CONVERSION = YES;
				CLANG_WARN_DEPRECATED_OBJC_IMPLEMENTATIONS = YES;
				CLANG_WARN_DIRECT_OBJC_ISA_USAGE = YES_ERROR;
				CLANG_WARN_DOCUMENTATION_COMMENTS = YES;
				CLANG_WARN_EMPTY_BODY = YES;
				CLANG_WARN_ENUM_CONVERSION = YES;
				CLANG_WARN_INFINITE_RECURSION = YES;
				CLANG_WARN_INT_CONVERSION = YES;
				CLANG_WARN_NON_LITERAL_NULL_CONVERSION = YES;
				CLANG_WARN_OBJC_IMPLICIT_RETAIN_SELF = YES;
				CLANG_WARN_OBJC_LITERAL_CONVERSION = YES;
				CLANG_WARN_OBJC_ROOT_CLASS = YES_ERROR;
				CLANG_WARN_QUOTED_INCLUDE_IN_FRAMEWORK_HEADER = YES;
				CLANG_WARN_RANGE_LOOP_ANALYSIS = YES;
				CLANG_WARN_STRICT_PROTOTYPES = YES;
				CLANG_WARN_SUSPICIOUS_MOVE = YES;
				CLANG_WARN_UNGUARDED_AVAILABILITY = YES_AGGRESSIVE;
				CLANG_WARN_UNREACHABLE_CODE = YES;
				CLANG_WARN__DUPLICATE_METHOD_MATCH = YES;
				COPY_PHASE_STRIP = NO;
				DEBUG_INFORMATION_FORMAT = dwarf;
				ENABLE_STRICT_OBJC_MSGSEND = YES;
				ENABLE_TESTABILITY = YES;
				GCC_C_LANGUAGE_STANDARD = gnu11;
				GCC_DYNAMIC_NO_PIC = NO;
				GCC_NO_COMMON_BLOCKS = YES;
				GCC_OPTIMIZATION_LEVEL = 0;
				GCC_PREPROCESSOR_DEFINITIONS = (
					"DEBUG=1",
					"$(inherited)",
				);
				GCC_WARN_64_TO_32_BIT_CONVERSION = YES;
				GCC_WARN_ABOUT_RETURN_TYPE = YES_ERROR;
				GCC_WARN_UNDECLARED_SELECTOR = YES;
				GCC_WARN_UNINITIALIZED_AUTOS = YES_AGGRESSIVE;
				GCC_WARN_UNUSED_FUNCTION = YES;
				GCC_WARN_UNUSED_VARIABLE = YES;
				IPHONEOS_DEPLOYMENT_TARGET = 15.2;
				MTL_ENABLE_DEBUG_INFO = INCLUDE_SOURCE;
				MTL_FAST_MATH = YES;
				ONLY_ACTIVE_ARCH = YES;
				SDKROOT = iphoneos;
				SWIFT_ACTIVE_COMPILATION_CONDITIONS = DEBUG;
				SWIFT_OPTIMIZATION_LEVEL = "-Onone";
			};
			name = Debug;
		};
		2442929327C7DF9800D36A6A /* Release */ = {
			isa = XCBuildConfiguration;
			buildSettings = {
				ALWAYS_SEARCH_USER_PATHS = NO;
				CLANG_ANALYZER_NONNULL = YES;
				CLANG_ANALYZER_NUMBER_OBJECT_CONVERSION = YES_AGGRESSIVE;
				CLANG_CXX_LANGUAGE_STANDARD = "gnu++17";
				CLANG_CXX_LIBRARY = "libc++";
				CLANG_ENABLE_MODULES = YES;
				CLANG_ENABLE_OBJC_ARC = YES;
				CLANG_ENABLE_OBJC_WEAK = YES;
				CLANG_WARN_BLOCK_CAPTURE_AUTORELEASING = YES;
				CLANG_WARN_BOOL_CONVERSION = YES;
				CLANG_WARN_COMMA = YES;
				CLANG_WARN_CONSTANT_CONVERSION = YES;
				CLANG_WARN_DEPRECATED_OBJC_IMPLEMENTATIONS = YES;
				CLANG_WARN_DIRECT_OBJC_ISA_USAGE = YES_ERROR;
				CLANG_WARN_DOCUMENTATION_COMMENTS = YES;
				CLANG_WARN_EMPTY_BODY = YES;
				CLANG_WARN_ENUM_CONVERSION = YES;
				CLANG_WARN_INFINITE_RECURSION = YES;
				CLANG_WARN_INT_CONVERSION = YES;
				CLANG_WARN_NON_LITERAL_NULL_CONVERSION = YES;
				CLANG_WARN_OBJC_IMPLICIT_RETAIN_SELF = YES;
				CLANG_WARN_OBJC_LITERAL_CONVERSION = YES;
				CLANG_WARN_OBJC_ROOT_CLASS = YES_ERROR;
				CLANG_WARN_QUOTED_INCLUDE_IN_FRAMEWORK_HEADER = YES;
				CLANG_WARN_RANGE_LOOP_ANALYSIS = YES;
				CLANG_WARN_STRICT_PROTOTYPES = YES;
				CLANG_WARN_SUSPICIOUS_MOVE = YES;
				CLANG_WARN_UNGUARDED_AVAILABILITY = YES_AGGRESSIVE;
				CLANG_WARN_UNREACHABLE_CODE = YES;
				CLANG_WARN__DUPLICATE_METHOD_MATCH = YES;
				COPY_PHASE_STRIP = NO;
				DEBUG_INFORMATION_FORMAT = "dwarf-with-dsym";
				ENABLE_NS_ASSERTIONS = NO;
				ENABLE_STRICT_OBJC_MSGSEND = YES;
				GCC_C_LANGUAGE_STANDARD = gnu11;
				GCC_NO_COMMON_BLOCKS = YES;
				GCC_WARN_64_TO_32_BIT_CONVERSION = YES;
				GCC_WARN_ABOUT_RETURN_TYPE = YES_ERROR;
				GCC_WARN_UNDECLARED_SELECTOR = YES;
				GCC_WARN_UNINITIALIZED_AUTOS = YES_AGGRESSIVE;
				GCC_WARN_UNUSED_FUNCTION = YES;
				GCC_WARN_UNUSED_VARIABLE = YES;
				IPHONEOS_DEPLOYMENT_TARGET = 15.2;
				MTL_ENABLE_DEBUG_INFO = NO;
				MTL_FAST_MATH = YES;
				SDKROOT = iphoneos;
				SWIFT_COMPILATION_MODE = wholemodule;
				SWIFT_OPTIMIZATION_LEVEL = "-O";
				VALIDATE_PRODUCT = YES;
			};
			name = Release;
		};
		2442929527C7DF9800D36A6A /* Debug */ = {
			isa = XCBuildConfiguration;
			buildSettings = {
				ASSETCATALOG_COMPILER_APPICON_NAME = AppIcon;
				ASSETCATALOG_COMPILER_GLOBAL_ACCENT_COLOR_NAME = AccentColor;
				CODE_SIGN_STYLE = Automatic;
				CURRENT_PROJECT_VERSION = 1;
				GENERATE_INFOPLIST_FILE = YES;
				INFOPLIST_FILE = Porika_DiceGame/Info.plist;
				INFOPLIST_KEY_CFBundleDisplayName = Porika_DiceGame;
				INFOPLIST_KEY_UIApplicationSupportsIndirectInputEvents = YES;
				INFOPLIST_KEY_UILaunchStoryboardName = LaunchScreen;
				INFOPLIST_KEY_UIMainStoryboardFile = Main;
				INFOPLIST_KEY_UISupportedInterfaceOrientations_iPad = "UIInterfaceOrientationPortrait UIInterfaceOrientationPortraitUpsideDown UIInterfaceOrientationLandscapeLeft UIInterfaceOrientationLandscapeRight";
				INFOPLIST_KEY_UISupportedInterfaceOrientations_iPhone = "UIInterfaceOrientationPortrait UIInterfaceOrientationLandscapeLeft UIInterfaceOrientationLandscapeRight";
				LD_RUNPATH_SEARCH_PATHS = (
					"$(inherited)",
					"@executable_path/Frameworks",
				);
				MARKETING_VERSION = 1.0;
				PRODUCT_BUNDLE_IDENTIFIER = "nwmsu.Porika-DiceGame";
				PRODUCT_NAME = "$(TARGET_NAME)";
				SWIFT_EMIT_LOC_STRINGS = YES;
				SWIFT_VERSION = 5.0;
				TARGETED_DEVICE_FAMILY = "1,2";
			};
			name = Debug;
		};
		2442929627C7DF9800D36A6A /* Release */ = {
			isa = XCBuildConfiguration;
			buildSettings = {
				ASSETCATALOG_COMPILER_APPICON_NAME = AppIcon;
				ASSETCATALOG_COMPILER_GLOBAL_ACCENT_COLOR_NAME = AccentColor;
				CODE_SIGN_STYLE = Automatic;
				CURRENT_PROJECT_VERSION = 1;
				GENERATE_INFOPLIST_FILE = YES;
				INFOPLIST_FILE = Porika_DiceGame/Info.plist;
				INFOPLIST_KEY_CFBundleDisplayName = Porika_DiceGame;
				INFOPLIST_KEY_UIApplicationSupportsIndirectInputEvents = YES;
				INFOPLIST_KEY_UILaunchStoryboardName = LaunchScreen;
				INFOPLIST_KEY_UIMainStoryboardFile = Main;
				INFOPLIST_KEY_UISupportedInterfaceOrientations_iPad = "UIInterfaceOrientationPortrait UIInterfaceOrientationPortraitUpsideDown UIInterfaceOrientationLandscapeLeft UIInterfaceOrientationLandscapeRight";
				INFOPLIST_KEY_UISupportedInterfaceOrientations_iPhone = "UIInterfaceOrientationPortrait UIInterfaceOrientationLandscapeLeft UIInterfaceOrientationLandscapeRight";
				LD_RUNPATH_SEARCH_PATHS = (
					"$(inherited)",
					"@executable_path/Frameworks",
				);
				MARKETING_VERSION = 1.0;
				PRODUCT_BUNDLE_IDENTIFIER = "nwmsu.Porika-DiceGame";
				PRODUCT_NAME = "$(TARGET_NAME)";
				SWIFT_EMIT_LOC_STRINGS = YES;
				SWIFT_VERSION = 5.0;
				TARGETED_DEVICE_FAMILY = "1,2";
			};
			name = Release;
		};
		2442929827C7DF9800D36A6A /* Debug */ = {
			isa = XCBuildConfiguration;
			buildSettings = {
				ALWAYS_EMBED_SWIFT_STANDARD_LIBRARIES = YES;
				BUNDLE_LOADER = "$(TEST_HOST)";
				CODE_SIGN_STYLE = Automatic;
				CURRENT_PROJECT_VERSION = 1;
				GENERATE_INFOPLIST_FILE = YES;
				IPHONEOS_DEPLOYMENT_TARGET = 15.2;
				MARKETING_VERSION = 1.0;
				PRODUCT_BUNDLE_IDENTIFIER = "nwmsu.Porika-DiceGameTests";
				PRODUCT_NAME = "$(TARGET_NAME)";
				SWIFT_EMIT_LOC_STRINGS = NO;
				SWIFT_VERSION = 5.0;
				TARGETED_DEVICE_FAMILY = "1,2";
				TEST_HOST = "$(BUILT_PRODUCTS_DIR)/Porika_DiceGame.app/Porika_DiceGame";
			};
			name = Debug;
		};
		2442929927C7DF9800D36A6A /* Release */ = {
			isa = XCBuildConfiguration;
			buildSettings = {
				ALWAYS_EMBED_SWIFT_STANDARD_LIBRARIES = YES;
				BUNDLE_LOADER = "$(TEST_HOST)";
				CODE_SIGN_STYLE = Automatic;
				CURRENT_PROJECT_VERSION = 1;
				GENERATE_INFOPLIST_FILE = YES;
				IPHONEOS_DEPLOYMENT_TARGET = 15.2;
				MARKETING_VERSION = 1.0;
				PRODUCT_BUNDLE_IDENTIFIER = "nwmsu.Porika-DiceGameTests";
				PRODUCT_NAME = "$(TARGET_NAME)";
				SWIFT_EMIT_LOC_STRINGS = NO;
				SWIFT_VERSION = 5.0;
				TARGETED_DEVICE_FAMILY = "1,2";
				TEST_HOST = "$(BUILT_PRODUCTS_DIR)/Porika_DiceGame.app/Porika_DiceGame";
			};
			name = Release;
		};
		2442929B27C7DF9800D36A6A /* Debug */ = {
			isa = XCBuildConfiguration;
			buildSettings = {
				ALWAYS_EMBED_SWIFT_STANDARD_LIBRARIES = YES;
				CODE_SIGN_STYLE = Automatic;
				CURRENT_PROJECT_VERSION = 1;
				GENERATE_INFOPLIST_FILE = YES;
				MARKETING_VERSION = 1.0;
				PRODUCT_BUNDLE_IDENTIFIER = "nwmsu.Porika-DiceGameUITests";
				PRODUCT_NAME = "$(TARGET_NAME)";
				SWIFT_EMIT_LOC_STRINGS = NO;
				SWIFT_VERSION = 5.0;
				TARGETED_DEVICE_FAMILY = "1,2";
				TEST_TARGET_NAME = Porika_DiceGame;
			};
			name = Debug;
		};
		2442929C27C7DF9800D36A6A /* Release */ = {
			isa = XCBuildConfiguration;
			buildSettings = {
				ALWAYS_EMBED_SWIFT_STANDARD_LIBRARIES = YES;
				CODE_SIGN_STYLE = Automatic;
				CURRENT_PROJECT_VERSION = 1;
				GENERATE_INFOPLIST_FILE = YES;
				MARKETING_VERSION = 1.0;
				PRODUCT_BUNDLE_IDENTIFIER = "nwmsu.Porika-DiceGameUITests";
				PRODUCT_NAME = "$(TARGET_NAME)";
				SWIFT_EMIT_LOC_STRINGS = NO;
				SWIFT_VERSION = 5.0;
				TARGETED_DEVICE_FAMILY = "1,2";
				TEST_TARGET_NAME = Porika_DiceGame;
			};
			name = Release;
		};
/* End XCBuildConfiguration section */

/* Begin XCConfigurationList section */
		2442926527C7DF9600D36A6A /* Build configuration list for PBXProject "Porika_DiceGame" */ = {
			isa = XCConfigurationList;
			buildConfigurations = (
				2442929227C7DF9800D36A6A /* Debug */,
				2442929327C7DF9800D36A6A /* Release */,
			);
			defaultConfigurationIsVisible = 0;
			defaultConfigurationName = Release;
		};
		2442929427C7DF9800D36A6A /* Build configuration list for PBXNativeTarget "Porika_DiceGame" */ = {
			isa = XCConfigurationList;
			buildConfigurations = (
				2442929527C7DF9800D36A6A /* Debug */,
				2442929627C7DF9800D36A6A /* Release */,
			);
			defaultConfigurationIsVisible = 0;
			defaultConfigurationName = Release;
		};
		2442929727C7DF9800D36A6A /* Build configuration list for PBXNativeTarget "Porika_DiceGameTests" */ = {
			isa = XCConfigurationList;
			buildConfigurations = (
				2442929827C7DF9800D36A6A /* Debug */,
				2442929927C7DF9800D36A6A /* Release */,
			);
			defaultConfigurationIsVisible = 0;
			defaultConfigurationName = Release;
		};
		2442929A27C7DF9800D36A6A /* Build configuration list for PBXNativeTarget "Porika_DiceGameUITests" */ = {
			isa = XCConfigurationList;
			buildConfigurations = (
				2442929B27C7DF9800D36A6A /* Debug */,
				2442929C27C7DF9800D36A6A /* Release */,
			);
			defaultConfigurationIsVisible = 0;
			defaultConfigurationName = Release;
		};
/* End XCConfigurationList section */
	};
	rootObject = 2442926227C7DF9600D36A6A /* Project object */;
}
