// !$*UTF8*$!
{
	archiveVersion = 1;
	classes = {
	};
	objectVersion = 55;
	objects = {

/* Begin PBXBuildFile section */
		24E46A6027B62879002425E9 /* ViewController.swift in Sources */ = {isa = PBXBuildFile; fileRef = 24E78B3427B2E3EE00229E41 /* ViewController.swift */; };
		24E46A6127B6287D002425E9 /* ViewController.swift in Sources */ = {isa = PBXBuildFile; fileRef = 24E78B3427B2E3EE00229E41 /* ViewController.swift */; };
		24E78B3127B2E3EE00229E41 /* AppDelegate.swift in Sources */ = {isa = PBXBuildFile; fileRef = 24E78B3027B2E3EE00229E41 /* AppDelegate.swift */; };
		24E78B3327B2E3EE00229E41 /* SceneDelegate.swift in Sources */ = {isa = PBXBuildFile; fileRef = 24E78B3227B2E3EE00229E41 /* SceneDelegate.swift */; };
		24E78B3527B2E3EE00229E41 /* ViewController.swift in Sources */ = {isa = PBXBuildFile; fileRef = 24E78B3427B2E3EE00229E41 /* ViewController.swift */; };
		24E78B3827B2E3EE00229E41 /* Main.storyboard in Resources */ = {isa = PBXBuildFile; fileRef = 24E78B3627B2E3EE00229E41 /* Main.storyboard */; };
		24E78B3A27B2E3EF00229E41 /* Assets.xcassets in Resources */ = {isa = PBXBuildFile; fileRef = 24E78B3927B2E3EF00229E41 /* Assets.xcassets */; };
		24E78B3D27B2E3EF00229E41 /* LaunchScreen.storyboard in Resources */ = {isa = PBXBuildFile; fileRef = 24E78B3B27B2E3EF00229E41 /* LaunchScreen.storyboard */; };
		24E78B4827B2E3EF00229E41 /* Porika_CalculatorTests.swift in Sources */ = {isa = PBXBuildFile; fileRef = 24E78B4727B2E3EF00229E41 /* Porika_CalculatorTests.swift */; };
		24E78B5227B2E3EF00229E41 /* Porika_CalculatorUITests.swift in Sources */ = {isa = PBXBuildFile; fileRef = 24E78B5127B2E3EF00229E41 /* Porika_CalculatorUITests.swift */; };
		24E78B5427B2E3EF00229E41 /* Porika_CalculatorUITestsLaunchTests.swift in Sources */ = {isa = PBXBuildFile; fileRef = 24E78B5327B2E3EF00229E41 /* Porika_CalculatorUITestsLaunchTests.swift */; };
/* End PBXBuildFile section */

/* Begin PBXContainerItemProxy section */
		24E78B4427B2E3EF00229E41 /* PBXContainerItemProxy */ = {
			isa = PBXContainerItemProxy;
			containerPortal = 24E78B2527B2E3EE00229E41 /* Project object */;
			proxyType = 1;
			remoteGlobalIDString = 24E78B2C27B2E3EE00229E41;
			remoteInfo = Porika_Calculator;
		};
		24E78B4E27B2E3EF00229E41 /* PBXContainerItemProxy */ = {
			isa = PBXContainerItemProxy;
			containerPortal = 24E78B2527B2E3EE00229E41 /* Project object */;
			proxyType = 1;
			remoteGlobalIDString = 24E78B2C27B2E3EE00229E41;
			remoteInfo = Porika_Calculator;
		};
/* End PBXContainerItemProxy section */

/* Begin PBXFileReference section */
		24E78B2D27B2E3EE00229E41 /* Porika_Calculator.app */ = {isa = PBXFileReference; explicitFileType = wrapper.application; includeInIndex = 0; path = Porika_Calculator.app; sourceTree = BUILT_PRODUCTS_DIR; };
		24E78B3027B2E3EE00229E41 /* AppDelegate.swift */ = {isa = PBXFileReference; lastKnownFileType = sourcecode.swift; path = AppDelegate.swift; sourceTree = "<group>"; };
		24E78B3227B2E3EE00229E41 /* SceneDelegate.swift */ = {isa = PBXFileReference; lastKnownFileType = sourcecode.swift; path = SceneDelegate.swift; sourceTree = "<group>"; };
		24E78B3427B2E3EE00229E41 /* ViewController.swift */ = {isa = PBXFileReference; lastKnownFileType = sourcecode.swift; path = ViewController.swift; sourceTree = "<group>"; };
		24E78B3727B2E3EE00229E41 /* Base */ = {isa = PBXFileReference; lastKnownFileType = file.storyboard; name = Base; path = Base.lproj/Main.storyboard; sourceTree = "<group>"; };
		24E78B3927B2E3EF00229E41 /* Assets.xcassets */ = {isa = PBXFileReference; lastKnownFileType = folder.assetcatalog; path = Assets.xcassets; sourceTree = "<group>"; };
		24E78B3C27B2E3EF00229E41 /* Base */ = {isa = PBXFileReference; lastKnownFileType = file.storyboard; name = Base; path = Base.lproj/LaunchScreen.storyboard; sourceTree = "<group>"; };
		24E78B3E27B2E3EF00229E41 /* Info.plist */ = {isa = PBXFileReference; lastKnownFileType = text.plist.xml; path = Info.plist; sourceTree = "<group>"; };
		24E78B4327B2E3EF00229E41 /* Porika_CalculatorTests.xctest */ = {isa = PBXFileReference; explicitFileType = wrapper.cfbundle; includeInIndex = 0; path = Porika_CalculatorTests.xctest; sourceTree = BUILT_PRODUCTS_DIR; };
		24E78B4727B2E3EF00229E41 /* Porika_CalculatorTests.swift */ = {isa = PBXFileReference; lastKnownFileType = sourcecode.swift; path = Porika_CalculatorTests.swift; sourceTree = "<group>"; };
		24E78B4D27B2E3EF00229E41 /* Porika_CalculatorUITests.xctest */ = {isa = PBXFileReference; explicitFileType = wrapper.cfbundle; includeInIndex = 0; path = Porika_CalculatorUITests.xctest; sourceTree = BUILT_PRODUCTS_DIR; };
		24E78B5127B2E3EF00229E41 /* Porika_CalculatorUITests.swift */ = {isa = PBXFileReference; lastKnownFileType = sourcecode.swift; path = Porika_CalculatorUITests.swift; sourceTree = "<group>"; };
		24E78B5327B2E3EF00229E41 /* Porika_CalculatorUITestsLaunchTests.swift */ = {isa = PBXFileReference; lastKnownFileType = sourcecode.swift; path = Porika_CalculatorUITestsLaunchTests.swift; sourceTree = "<group>"; };
/* End PBXFileReference section */

/* Begin PBXFrameworksBuildPhase section */
		24E78B2A27B2E3EE00229E41 /* Frameworks */ = {
			isa = PBXFrameworksBuildPhase;
			buildActionMask = 2147483647;
			files = (
			);
			runOnlyForDeploymentPostprocessing = 0;
		};
		24E78B4027B2E3EF00229E41 /* Frameworks */ = {
			isa = PBXFrameworksBuildPhase;
			buildActionMask = 2147483647;
			files = (
			);
			runOnlyForDeploymentPostprocessing = 0;
		};
		24E78B4A27B2E3EF00229E41 /* Frameworks */ = {
			isa = PBXFrameworksBuildPhase;
			buildActionMask = 2147483647;
			files = (
			);
			runOnlyForDeploymentPostprocessing = 0;
		};
/* End PBXFrameworksBuildPhase section */

/* Begin PBXGroup section */
		24E78B2427B2E3EE00229E41 = {
			isa = PBXGroup;
			children = (
				24E78B2F27B2E3EE00229E41 /* Porika_Calculator */,
				24E78B4627B2E3EF00229E41 /* Porika_CalculatorTests */,
				24E78B5027B2E3EF00229E41 /* Porika_CalculatorUITests */,
				24E78B2E27B2E3EE00229E41 /* Products */,
			);
			sourceTree = "<group>";
		};
		24E78B2E27B2E3EE00229E41 /* Products */ = {
			isa = PBXGroup;
			children = (
				24E78B2D27B2E3EE00229E41 /* Porika_Calculator.app */,
				24E78B4327B2E3EF00229E41 /* Porika_CalculatorTests.xctest */,
				24E78B4D27B2E3EF00229E41 /* Porika_CalculatorUITests.xctest */,
			);
			name = Products;
			sourceTree = "<group>";
		};
		24E78B2F27B2E3EE00229E41 /* Porika_Calculator */ = {
			isa = PBXGroup;
			children = (
				24E78B3027B2E3EE00229E41 /* AppDelegate.swift */,
				24E78B3227B2E3EE00229E41 /* SceneDelegate.swift */,
				24E78B3427B2E3EE00229E41 /* ViewController.swift */,
				24E78B3627B2E3EE00229E41 /* Main.storyboard */,
				24E78B3927B2E3EF00229E41 /* Assets.xcassets */,
				24E78B3B27B2E3EF00229E41 /* LaunchScreen.storyboard */,
				24E78B3E27B2E3EF00229E41 /* Info.plist */,
			);
			path = Porika_Calculator;
			sourceTree = "<group>";
		};
		24E78B4627B2E3EF00229E41 /* Porika_CalculatorTests */ = {
			isa = PBXGroup;
			children = (
				24E78B4727B2E3EF00229E41 /* Porika_CalculatorTests.swift */,
			);
			path = Porika_CalculatorTests;
			sourceTree = "<group>";
		};
		24E78B5027B2E3EF00229E41 /* Porika_CalculatorUITests */ = {
			isa = PBXGroup;
			children = (
				24E78B5127B2E3EF00229E41 /* Porika_CalculatorUITests.swift */,
				24E78B5327B2E3EF00229E41 /* Porika_CalculatorUITestsLaunchTests.swift */,
			);
			path = Porika_CalculatorUITests;
			sourceTree = "<group>";
		};
/* End PBXGroup section */

/* Begin PBXNativeTarget section */
		24E78B2C27B2E3EE00229E41 /* Porika_Calculator */ = {
			isa = PBXNativeTarget;
			buildConfigurationList = 24E78B5727B2E3EF00229E41 /* Build configuration list for PBXNativeTarget "Porika_Calculator" */;
			buildPhases = (
				24E78B2927B2E3EE00229E41 /* Sources */,
				24E78B2A27B2E3EE00229E41 /* Frameworks */,
				24E78B2B27B2E3EE00229E41 /* Resources */,
			);
			buildRules = (
			);
			dependencies = (
			);
			name = Porika_Calculator;
			productName = Porika_Calculator;
			productReference = 24E78B2D27B2E3EE00229E41 /* Porika_Calculator.app */;
			productType = "com.apple.product-type.application";
		};
		24E78B4227B2E3EF00229E41 /* Porika_CalculatorTests */ = {
			isa = PBXNativeTarget;
			buildConfigurationList = 24E78B5A27B2E3EF00229E41 /* Build configuration list for PBXNativeTarget "Porika_CalculatorTests" */;
			buildPhases = (
				24E78B3F27B2E3EF00229E41 /* Sources */,
				24E78B4027B2E3EF00229E41 /* Frameworks */,
				24E78B4127B2E3EF00229E41 /* Resources */,
			);
			buildRules = (
			);
			dependencies = (
				24E78B4527B2E3EF00229E41 /* PBXTargetDependency */,
			);
			name = Porika_CalculatorTests;
			productName = Porika_CalculatorTests;
			productReference = 24E78B4327B2E3EF00229E41 /* Porika_CalculatorTests.xctest */;
			productType = "com.apple.product-type.bundle.unit-test";
		};
		24E78B4C27B2E3EF00229E41 /* Porika_CalculatorUITests */ = {
			isa = PBXNativeTarget;
			buildConfigurationList = 24E78B5D27B2E3EF00229E41 /* Build configuration list for PBXNativeTarget "Porika_CalculatorUITests" */;
			buildPhases = (
				24E78B4927B2E3EF00229E41 /* Sources */,
				24E78B4A27B2E3EF00229E41 /* Frameworks */,
				24E78B4B27B2E3EF00229E41 /* Resources */,
			);
			buildRules = (
			);
			dependencies = (
				24E78B4F27B2E3EF00229E41 /* PBXTargetDependency */,
			);
			name = Porika_CalculatorUITests;
			productName = Porika_CalculatorUITests;
			productReference = 24E78B4D27B2E3EF00229E41 /* Porika_CalculatorUITests.xctest */;
			productType = "com.apple.product-type.bundle.ui-testing";
		};
/* End PBXNativeTarget section */

/* Begin PBXProject section */
		24E78B2527B2E3EE00229E41 /* Project object */ = {
			isa = PBXProject;
			attributes = {
				BuildIndependentTargetsInParallel = 1;
				LastSwiftUpdateCheck = 1320;
				LastUpgradeCheck = 1320;
				TargetAttributes = {
					24E78B2C27B2E3EE00229E41 = {
						CreatedOnToolsVersion = 13.2.1;
					};
					24E78B4227B2E3EF00229E41 = {
						CreatedOnToolsVersion = 13.2.1;
						TestTargetID = 24E78B2C27B2E3EE00229E41;
					};
					24E78B4C27B2E3EF00229E41 = {
						CreatedOnToolsVersion = 13.2.1;
						TestTargetID = 24E78B2C27B2E3EE00229E41;
					};
				};
			};
			buildConfigurationList = 24E78B2827B2E3EE00229E41 /* Build configuration list for PBXProject "Porika_Calculator" */;
			compatibilityVersion = "Xcode 13.0";
			developmentRegion = en;
			hasScannedForEncodings = 0;
			knownRegions = (
				en,
				Base,
			);
			mainGroup = 24E78B2427B2E3EE00229E41;
			productRefGroup = 24E78B2E27B2E3EE00229E41 /* Products */;
			projectDirPath = "";
			projectRoot = "";
			targets = (
				24E78B2C27B2E3EE00229E41 /* Porika_Calculator */,
				24E78B4227B2E3EF00229E41 /* Porika_CalculatorTests */,
				24E78B4C27B2E3EF00229E41 /* Porika_CalculatorUITests */,
			);
		};
/* End PBXProject section */

/* Begin PBXResourcesBuildPhase section */
		24E78B2B27B2E3EE00229E41 /* Resources */ = {
			isa = PBXResourcesBuildPhase;
			buildActionMask = 2147483647;
			files = (
				24E78B3D27B2E3EF00229E41 /* LaunchScreen.storyboard in Resources */,
				24E78B3A27B2E3EF00229E41 /* Assets.xcassets in Resources */,
				24E78B3827B2E3EE00229E41 /* Main.storyboard in Resources */,
			);
			runOnlyForDeploymentPostprocessing = 0;
		};
		24E78B4127B2E3EF00229E41 /* Resources */ = {
			isa = PBXResourcesBuildPhase;
			buildActionMask = 2147483647;
			files = (
			);
			runOnlyForDeploymentPostprocessing = 0;
		};
		24E78B4B27B2E3EF00229E41 /* Resources */ = {
			isa = PBXResourcesBuildPhase;
			buildActionMask = 2147483647;
			files = (
			);
			runOnlyForDeploymentPostprocessing = 0;
		};
/* End PBXResourcesBuildPhase section */

/* Begin PBXSourcesBuildPhase section */
		24E78B2927B2E3EE00229E41 /* Sources */ = {
			isa = PBXSourcesBuildPhase;
			buildActionMask = 2147483647;
			files = (
				24E78B3527B2E3EE00229E41 /* ViewController.swift in Sources */,
				24E78B3127B2E3EE00229E41 /* AppDelegate.swift in Sources */,
				24E78B3327B2E3EE00229E41 /* SceneDelegate.swift in Sources */,
			);
			runOnlyForDeploymentPostprocessing = 0;
		};
		24E78B3F27B2E3EF00229E41 /* Sources */ = {
			isa = PBXSourcesBuildPhase;
			buildActionMask = 2147483647;
			files = (
				24E46A6027B62879002425E9 /* ViewController.swift in Sources */,
				24E78B4827B2E3EF00229E41 /* Porika_CalculatorTests.swift in Sources */,
			);
			runOnlyForDeploymentPostprocessing = 0;
		};
		24E78B4927B2E3EF00229E41 /* Sources */ = {
			isa = PBXSourcesBuildPhase;
			buildActionMask = 2147483647;
			files = (
				24E46A6127B6287D002425E9 /* ViewController.swift in Sources */,
				24E78B5427B2E3EF00229E41 /* Porika_CalculatorUITestsLaunchTests.swift in Sources */,
				24E78B5227B2E3EF00229E41 /* Porika_CalculatorUITests.swift in Sources */,
			);
			runOnlyForDeploymentPostprocessing = 0;
		};
/* End PBXSourcesBuildPhase section */

/* Begin PBXTargetDependency section */
		24E78B4527B2E3EF00229E41 /* PBXTargetDependency */ = {
			isa = PBXTargetDependency;
			target = 24E78B2C27B2E3EE00229E41 /* Porika_Calculator */;
			targetProxy = 24E78B4427B2E3EF00229E41 /* PBXContainerItemProxy */;
		};
		24E78B4F27B2E3EF00229E41 /* PBXTargetDependency */ = {
			isa = PBXTargetDependency;
			target = 24E78B2C27B2E3EE00229E41 /* Porika_Calculator */;
			targetProxy = 24E78B4E27B2E3EF00229E41 /* PBXContainerItemProxy */;
		};
/* End PBXTargetDependency section */

/* Begin PBXVariantGroup section */
		24E78B3627B2E3EE00229E41 /* Main.storyboard */ = {
			isa = PBXVariantGroup;
			children = (
				24E78B3727B2E3EE00229E41 /* Base */,
			);
			name = Main.storyboard;
			sourceTree = "<group>";
		};
		24E78B3B27B2E3EF00229E41 /* LaunchScreen.storyboard */ = {
			isa = PBXVariantGroup;
			children = (
				24E78B3C27B2E3EF00229E41 /* Base */,
			);
			name = LaunchScreen.storyboard;
			sourceTree = "<group>";
		};
/* End PBXVariantGroup section */

/* Begin XCBuildConfiguration section */
		24E78B5527B2E3EF00229E41 /* Debug */ = {
			isa = XCBuildConfiguration;
			buildSettings = {
				ALWAYS_SEARCH_USER_PATHS = NO;
				CLANG_ANALYZER_NONNULL = YES;
				CLANG_ANALYZER_NUMBER_OBJECT_CONVERSION = YES_AGGRESSIVE;
				CLANG_CXX_LANGUAGE_STANDARD = "gnu++17";
				CLANG_CXX_LIBRARY = "libc++";
				CLANG_ENABLE_MODULES = YES;
				CLANG_ENABLE_OBJC_ARC = YES;
				CLANG_ENABLE_OBJC_WEAK = YES;
				CLANG_WARN_BLOCK_CAPTURE_AUTORELEASING = YES;
				CLANG_WARN_BOOL_CONVERSION = YES;
				CLANG_WARN_COMMA = YES;
				CLANG_WARN_CONSTANT_CONVERSION = YES;
				CLANG_WARN_DEPRECATED_OBJC_IMPLEMENTATIONS = YES;
				CLANG_WARN_DIRECT_OBJC_ISA_USAGE = YES_ERROR;
				CLANG_WARN_DOCUMENTATION_COMMENTS = YES;
				CLANG_WARN_EMPTY_BODY = YES;
				CLANG_WARN_ENUM_CONVERSION = YES;
				CLANG_WARN_INFINITE_RECURSION = YES;
				CLANG_WARN_INT_CONVERSION = YES;
				CLANG_WARN_NON_LITERAL_NULL_CONVERSION = YES;
				CLANG_WARN_OBJC_IMPLICIT_RETAIN_SELF = YES;
				CLANG_WARN_OBJC_LITERAL_CONVERSION = YES;
				CLANG_WARN_OBJC_ROOT_CLASS = YES_ERROR;
				CLANG_WARN_QUOTED_INCLUDE_IN_FRAMEWORK_HEADER = YES;
				CLANG_WARN_RANGE_LOOP_ANALYSIS = YES;
				CLANG_WARN_STRICT_PROTOTYPES = YES;
				CLANG_WARN_SUSPICIOUS_MOVE = YES;
				CLANG_WARN_UNGUARDED_AVAILABILITY = YES_AGGRESSIVE;
				CLANG_WARN_UNREACHABLE_CODE = YES;
				CLANG_WARN__DUPLICATE_METHOD_MATCH = YES;
				COPY_PHASE_STRIP = NO;
				DEBUG_INFORMATION_FORMAT = dwarf;
				ENABLE_STRICT_OBJC_MSGSEND = YES;
				ENABLE_TESTABILITY = YES;
				GCC_C_LANGUAGE_STANDARD = gnu11;
				GCC_DYNAMIC_NO_PIC = NO;
				GCC_NO_COMMON_BLOCKS = YES;
				GCC_OPTIMIZATION_LEVEL = 0;
				GCC_PREPROCESSOR_DEFINITIONS = (
					"DEBUG=1",
					"$(inherited)",
				);
				GCC_WARN_64_TO_32_BIT_CONVERSION = YES;
				GCC_WARN_ABOUT_RETURN_TYPE = YES_ERROR;
				GCC_WARN_UNDECLARED_SELECTOR = YES;
				GCC_WARN_UNINITIALIZED_AUTOS = YES_AGGRESSIVE;
				GCC_WARN_UNUSED_FUNCTION = YES;
				GCC_WARN_UNUSED_VARIABLE = YES;
				IPHONEOS_DEPLOYMENT_TARGET = 15.2;
				MTL_ENABLE_DEBUG_INFO = INCLUDE_SOURCE;
				MTL_FAST_MATH = YES;
				ONLY_ACTIVE_ARCH = YES;
				SDKROOT = iphoneos;
				SWIFT_ACTIVE_COMPILATION_CONDITIONS = DEBUG;
				SWIFT_OPTIMIZATION_LEVEL = "-Onone";
			};
			name = Debug;
		};
		24E78B5627B2E3EF00229E41 /* Release */ = {
			isa = XCBuildConfiguration;
			buildSettings = {
				ALWAYS_SEARCH_USER_PATHS = NO;
				CLANG_ANALYZER_NONNULL = YES;
				CLANG_ANALYZER_NUMBER_OBJECT_CONVERSION = YES_AGGRESSIVE;
				CLANG_CXX_LANGUAGE_STANDARD = "gnu++17";
				CLANG_CXX_LIBRARY = "libc++";
				CLANG_ENABLE_MODULES = YES;
				CLANG_ENABLE_OBJC_ARC = YES;
				CLANG_ENABLE_OBJC_WEAK = YES;
				CLANG_WARN_BLOCK_CAPTURE_AUTORELEASING = YES;
				CLANG_WARN_BOOL_CONVERSION = YES;
				CLANG_WARN_COMMA = YES;
				CLANG_WARN_CONSTANT_CONVERSION = YES;
				CLANG_WARN_DEPRECATED_OBJC_IMPLEMENTATIONS = YES;
				CLANG_WARN_DIRECT_OBJC_ISA_USAGE = YES_ERROR;
				CLANG_WARN_DOCUMENTATION_COMMENTS = YES;
				CLANG_WARN_EMPTY_BODY = YES;
				CLANG_WARN_ENUM_CONVERSION = YES;
				CLANG_WARN_INFINITE_RECURSION = YES;
				CLANG_WARN_INT_CONVERSION = YES;
				CLANG_WARN_NON_LITERAL_NULL_CONVERSION = YES;
				CLANG_WARN_OBJC_IMPLICIT_RETAIN_SELF = YES;
				CLANG_WARN_OBJC_LITERAL_CONVERSION = YES;
				CLANG_WARN_OBJC_ROOT_CLASS = YES_ERROR;
				CLANG_WARN_QUOTED_INCLUDE_IN_FRAMEWORK_HEADER = YES;
				CLANG_WARN_RANGE_LOOP_ANALYSIS = YES;
				CLANG_WARN_STRICT_PROTOTYPES = YES;
				CLANG_WARN_SUSPICIOUS_MOVE = YES;
				CLANG_WARN_UNGUARDED_AVAILABILITY = YES_AGGRESSIVE;
				CLANG_WARN_UNREACHABLE_CODE = YES;
				CLANG_WARN__DUPLICATE_METHOD_MATCH = YES;
				COPY_PHASE_STRIP = NO;
				DEBUG_INFORMATION_FORMAT = "dwarf-with-dsym";
				ENABLE_NS_ASSERTIONS = NO;
				ENABLE_STRICT_OBJC_MSGSEND = YES;
				GCC_C_LANGUAGE_STANDARD = gnu11;
				GCC_NO_COMMON_BLOCKS = YES;
				GCC_WARN_64_TO_32_BIT_CONVERSION = YES;
				GCC_WARN_ABOUT_RETURN_TYPE = YES_ERROR;
				GCC_WARN_UNDECLARED_SELECTOR = YES;
				GCC_WARN_UNINITIALIZED_AUTOS = YES_AGGRESSIVE;
				GCC_WARN_UNUSED_FUNCTION = YES;
				GCC_WARN_UNUSED_VARIABLE = YES;
				IPHONEOS_DEPLOYMENT_TARGET = 15.2;
				MTL_ENABLE_DEBUG_INFO = NO;
				MTL_FAST_MATH = YES;
				SDKROOT = iphoneos;
				SWIFT_COMPILATION_MODE = wholemodule;
				SWIFT_OPTIMIZATION_LEVEL = "-O";
				VALIDATE_PRODUCT = YES;
			};
			name = Release;
		};
		24E78B5827B2E3EF00229E41 /* Debug */ = {
			isa = XCBuildConfiguration;
			buildSettings = {
				ASSETCATALOG_COMPILER_APPICON_NAME = AppIcon;
				ASSETCATALOG_COMPILER_GLOBAL_ACCENT_COLOR_NAME = AccentColor;
				CODE_SIGN_STYLE = Automatic;
				CURRENT_PROJECT_VERSION = 1;
				GENERATE_INFOPLIST_FILE = YES;
				INFOPLIST_FILE = Porika_Calculator/Info.plist;
				INFOPLIST_KEY_CFBundleDisplayName = Porika_Calculator;
				INFOPLIST_KEY_UIApplicationSupportsIndirectInputEvents = YES;
				INFOPLIST_KEY_UILaunchStoryboardName = LaunchScreen;
				INFOPLIST_KEY_UIMainStoryboardFile = Main;
				INFOPLIST_KEY_UISupportedInterfaceOrientations_iPad = "UIInterfaceOrientationPortrait UIInterfaceOrientationPortraitUpsideDown UIInterfaceOrientationLandscapeLeft UIInterfaceOrientationLandscapeRight";
				INFOPLIST_KEY_UISupportedInterfaceOrientations_iPhone = "UIInterfaceOrientationPortrait UIInterfaceOrientationLandscapeLeft UIInterfaceOrientationLandscapeRight";
				LD_RUNPATH_SEARCH_PATHS = (
					"$(inherited)",
					"@executable_path/Frameworks",
				);
				MARKETING_VERSION = 1.0;
				PRODUCT_BUNDLE_IDENTIFIER = "nwmsu.Porika-Calculator";
				PRODUCT_NAME = "$(TARGET_NAME)";
				SWIFT_EMIT_LOC_STRINGS = YES;
				SWIFT_VERSION = 5.0;
				TARGETED_DEVICE_FAMILY = "1,2";
			};
			name = Debug;
		};
		24E78B5927B2E3EF00229E41 /* Release */ = {
			isa = XCBuildConfiguration;
			buildSettings = {
				ASSETCATALOG_COMPILER_APPICON_NAME = AppIcon;
				ASSETCATALOG_COMPILER_GLOBAL_ACCENT_COLOR_NAME = AccentColor;
				CODE_SIGN_STYLE = Automatic;
				CURRENT_PROJECT_VERSION = 1;
				GENERATE_INFOPLIST_FILE = YES;
				INFOPLIST_FILE = Porika_Calculator/Info.plist;
				INFOPLIST_KEY_CFBundleDisplayName = Porika_Calculator;
				INFOPLIST_KEY_UIApplicationSupportsIndirectInputEvents = YES;
				INFOPLIST_KEY_UILaunchStoryboardName = LaunchScreen;
				INFOPLIST_KEY_UIMainStoryboardFile = Main;
				INFOPLIST_KEY_UISupportedInterfaceOrientations_iPad = "UIInterfaceOrientationPortrait UIInterfaceOrientationPortraitUpsideDown UIInterfaceOrientationLandscapeLeft UIInterfaceOrientationLandscapeRight";
				INFOPLIST_KEY_UISupportedInterfaceOrientations_iPhone = "UIInterfaceOrientationPortrait UIInterfaceOrientationLandscapeLeft UIInterfaceOrientationLandscapeRight";
				LD_RUNPATH_SEARCH_PATHS = (
					"$(inherited)",
					"@executable_path/Frameworks",
				);
				MARKETING_VERSION = 1.0;
				PRODUCT_BUNDLE_IDENTIFIER = "nwmsu.Porika-Calculator";
				PRODUCT_NAME = "$(TARGET_NAME)";
				SWIFT_EMIT_LOC_STRINGS = YES;
				SWIFT_VERSION = 5.0;
				TARGETED_DEVICE_FAMILY = "1,2";
			};
			name = Release;
		};
		24E78B5B27B2E3EF00229E41 /* Debug */ = {
			isa = XCBuildConfiguration;
			buildSettings = {
				ALWAYS_EMBED_SWIFT_STANDARD_LIBRARIES = YES;
				BUNDLE_LOADER = "$(TEST_HOST)";
				CODE_SIGN_STYLE = Automatic;
				CURRENT_PROJECT_VERSION = 1;
				GENERATE_INFOPLIST_FILE = YES;
				IPHONEOS_DEPLOYMENT_TARGET = 15.2;
				MARKETING_VERSION = 1.0;
				PRODUCT_BUNDLE_IDENTIFIER = "nwmsu.Porika-CalculatorTests";
				PRODUCT_NAME = "$(TARGET_NAME)";
				SWIFT_EMIT_LOC_STRINGS = NO;
				SWIFT_VERSION = 5.0;
				TARGETED_DEVICE_FAMILY = "1,2";
				TEST_HOST = "$(BUILT_PRODUCTS_DIR)/Porika_Calculator.app/Porika_Calculator";
			};
			name = Debug;
		};
		24E78B5C27B2E3EF00229E41 /* Release */ = {
			isa = XCBuildConfiguration;
			buildSettings = {
				ALWAYS_EMBED_SWIFT_STANDARD_LIBRARIES = YES;
				BUNDLE_LOADER = "$(TEST_HOST)";
				CODE_SIGN_STYLE = Automatic;
				CURRENT_PROJECT_VERSION = 1;
				GENERATE_INFOPLIST_FILE = YES;
				IPHONEOS_DEPLOYMENT_TARGET = 15.2;
				MARKETING_VERSION = 1.0;
				PRODUCT_BUNDLE_IDENTIFIER = "nwmsu.Porika-CalculatorTests";
				PRODUCT_NAME = "$(TARGET_NAME)";
				SWIFT_EMIT_LOC_STRINGS = NO;
				SWIFT_VERSION = 5.0;
				TARGETED_DEVICE_FAMILY = "1,2";
				TEST_HOST = "$(BUILT_PRODUCTS_DIR)/Porika_Calculator.app/Porika_Calculator";
			};
			name = Release;
		};
		24E78B5E27B2E3EF00229E41 /* Debug */ = {
			isa = XCBuildConfiguration;
			buildSettings = {
				ALWAYS_EMBED_SWIFT_STANDARD_LIBRARIES = YES;
				CODE_SIGN_STYLE = Automatic;
				CURRENT_PROJECT_VERSION = 1;
				GENERATE_INFOPLIST_FILE = YES;
				MARKETING_VERSION = 1.0;
				PRODUCT_BUNDLE_IDENTIFIER = "nwmsu.Porika-CalculatorUITests";
				PRODUCT_NAME = "$(TARGET_NAME)";
				SWIFT_EMIT_LOC_STRINGS = NO;
				SWIFT_VERSION = 5.0;
				TARGETED_DEVICE_FAMILY = "1,2";
				TEST_TARGET_NAME = Porika_Calculator;
			};
			name = Debug;
		};
		24E78B5F27B2E3EF00229E41 /* Release */ = {
			isa = XCBuildConfiguration;
			buildSettings = {
				ALWAYS_EMBED_SWIFT_STANDARD_LIBRARIES = YES;
				CODE_SIGN_STYLE = Automatic;
				CURRENT_PROJECT_VERSION = 1;
				GENERATE_INFOPLIST_FILE = YES;
				MARKETING_VERSION = 1.0;
				PRODUCT_BUNDLE_IDENTIFIER = "nwmsu.Porika-CalculatorUITests";
				PRODUCT_NAME = "$(TARGET_NAME)";
				SWIFT_EMIT_LOC_STRINGS = NO;
				SWIFT_VERSION = 5.0;
				TARGETED_DEVICE_FAMILY = "1,2";
				TEST_TARGET_NAME = Porika_Calculator;
			};
			name = Release;
		};
/* End XCBuildConfiguration section */

/* Begin XCConfigurationList section */
		24E78B2827B2E3EE00229E41 /* Build configuration list for PBXProject "Porika_Calculator" */ = {
			isa = XCConfigurationList;
			buildConfigurations = (
				24E78B5527B2E3EF00229E41 /* Debug */,
				24E78B5627B2E3EF00229E41 /* Release */,
			);
			defaultConfigurationIsVisible = 0;
			defaultConfigurationName = Release;
		};
		24E78B5727B2E3EF00229E41 /* Build configuration list for PBXNativeTarget "Porika_Calculator" */ = {
			isa = XCConfigurationList;
			buildConfigurations = (
				24E78B5827B2E3EF00229E41 /* Debug */,
				24E78B5927B2E3EF00229E41 /* Release */,
			);
			defaultConfigurationIsVisible = 0;
			defaultConfigurationName = Release;
		};
		24E78B5A27B2E3EF00229E41 /* Build configuration list for PBXNativeTarget "Porika_CalculatorTests" */ = {
			isa = XCConfigurationList;
			buildConfigurations = (
				24E78B5B27B2E3EF00229E41 /* Debug */,
				24E78B5C27B2E3EF00229E41 /* Release */,
			);
			defaultConfigurationIsVisible = 0;
			defaultConfigurationName = Release;
		};
		24E78B5D27B2E3EF00229E41 /* Build configuration list for PBXNativeTarget "Porika_CalculatorUITests" */ = {
			isa = XCConfigurationList;
			buildConfigurations = (
				24E78B5E27B2E3EF00229E41 /* Debug */,
				24E78B5F27B2E3EF00229E41 /* Release */,
			);
			defaultConfigurationIsVisible = 0;
			defaultConfigurationName = Release;
		};
/* End XCConfigurationList section */
	};
	rootObject = 24E78B2527B2E3EE00229E41 /* Project object */;
}
